// !$*UTF8*$!
{
	archiveVersion = 1;
	classes = {
	};
	objectVersion = 56;
	objects = {

/* Begin PBXBuildFile section */
		D42D59952AF8855100B26547 /* AppDelegate.swift in Sources */ = {isa = PBXBuildFile; fileRef = D42D59942AF8855100B26547 /* AppDelegate.swift */; };
		D42D59972AF8855100B26547 /* SceneDelegate.swift in Sources */ = {isa = PBXBuildFile; fileRef = D42D59962AF8855100B26547 /* SceneDelegate.swift */; };
		D42D59992AF8855100B26547 /* ViewController.swift in Sources */ = {isa = PBXBuildFile; fileRef = D42D59982AF8855100B26547 /* ViewController.swift */; };
		D42D599E2AF8855300B26547 /* Assets.xcassets in Resources */ = {isa = PBXBuildFile; fileRef = D42D599D2AF8855300B26547 /* Assets.xcassets */; };
		D42D59A12AF8855300B26547 /* LaunchScreen.storyboard in Resources */ = {isa = PBXBuildFile; fileRef = D42D599F2AF8855300B26547 /* LaunchScreen.storyboard */; };
		D42D59AC2AF8855400B26547 /* UserDefaultsTests.swift in Sources */ = {isa = PBXBuildFile; fileRef = D42D59AB2AF8855400B26547 /* UserDefaultsTests.swift */; };
		D42D59B62AF8855400B26547 /* UserDefaultsUITests.swift in Sources */ = {isa = PBXBuildFile; fileRef = D42D59B52AF8855400B26547 /* UserDefaultsUITests.swift */; };
		D42D59B82AF8855400B26547 /* UserDefaultsUITestsLaunchTests.swift in Sources */ = {isa = PBXBuildFile; fileRef = D42D59B72AF8855400B26547 /* UserDefaultsUITestsLaunchTests.swift */; };
		D42D59C62AF8C2B100B26547 /* SnapKit in Frameworks */ = {isa = PBXBuildFile; productRef = D42D59C52AF8C2B100B26547 /* SnapKit */; };
		D42D59C82AF8C2FC00B26547 /* SnapKit in Frameworks */ = {isa = PBXBuildFile; productRef = D42D59C72AF8C2FC00B26547 /* SnapKit */; };
/* End PBXBuildFile section */

/* Begin PBXContainerItemProxy section */
		D42D59A82AF8855400B26547 /* PBXContainerItemProxy */ = {
			isa = PBXContainerItemProxy;
			containerPortal = D42D59892AF8855100B26547 /* Project object */;
			proxyType = 1;
			remoteGlobalIDString = D42D59902AF8855100B26547;
			remoteInfo = UserDefaults;
		};
		D42D59B22AF8855400B26547 /* PBXContainerItemProxy */ = {
			isa = PBXContainerItemProxy;
			containerPortal = D42D59892AF8855100B26547 /* Project object */;
			proxyType = 1;
			remoteGlobalIDString = D42D59902AF8855100B26547;
			remoteInfo = UserDefaults;
		};
/* End PBXContainerItemProxy section */

/* Begin PBXFileReference section */
		D42D59912AF8855100B26547 /* UserDefaults.app */ = {isa = PBXFileReference; explicitFileType = wrapper.application; includeInIndex = 0; path = UserDefaults.app; sourceTree = BUILT_PRODUCTS_DIR; };
		D42D59942AF8855100B26547 /* AppDelegate.swift */ = {isa = PBXFileReference; lastKnownFileType = sourcecode.swift; path = AppDelegate.swift; sourceTree = "<group>"; };
		D42D59962AF8855100B26547 /* SceneDelegate.swift */ = {isa = PBXFileReference; lastKnownFileType = sourcecode.swift; path = SceneDelegate.swift; sourceTree = "<group>"; };
		D42D59982AF8855100B26547 /* ViewController.swift */ = {isa = PBXFileReference; lastKnownFileType = sourcecode.swift; path = ViewController.swift; sourceTree = "<group>"; };
		D42D599D2AF8855300B26547 /* Assets.xcassets */ = {isa = PBXFileReference; lastKnownFileType = folder.assetcatalog; path = Assets.xcassets; sourceTree = "<group>"; };
		D42D59A02AF8855300B26547 /* Base */ = {isa = PBXFileReference; lastKnownFileType = file.storyboard; name = Base; path = Base.lproj/LaunchScreen.storyboard; sourceTree = "<group>"; };
		D42D59A22AF8855300B26547 /* Info.plist */ = {isa = PBXFileReference; lastKnownFileType = text.plist.xml; path = Info.plist; sourceTree = "<group>"; };
		D42D59A72AF8855400B26547 /* UserDefaultsTests.xctest */ = {isa = PBXFileReference; explicitFileType = wrapper.cfbundle; includeInIndex = 0; path = UserDefaultsTests.xctest; sourceTree = BUILT_PRODUCTS_DIR; };
		D42D59AB2AF8855400B26547 /* UserDefaultsTests.swift */ = {isa = PBXFileReference; lastKnownFileType = sourcecode.swift; path = UserDefaultsTests.swift; sourceTree = "<group>"; };
		D42D59B12AF8855400B26547 /* UserDefaultsUITests.xctest */ = {isa = PBXFileReference; explicitFileType = wrapper.cfbundle; includeInIndex = 0; path = UserDefaultsUITests.xctest; sourceTree = BUILT_PRODUCTS_DIR; };
		D42D59B52AF8855400B26547 /* UserDefaultsUITests.swift */ = {isa = PBXFileReference; lastKnownFileType = sourcecode.swift; path = UserDefaultsUITests.swift; sourceTree = "<group>"; };
		D42D59B72AF8855400B26547 /* UserDefaultsUITestsLaunchTests.swift */ = {isa = PBXFileReference; lastKnownFileType = sourcecode.swift; path = UserDefaultsUITestsLaunchTests.swift; sourceTree = "<group>"; };
/* End PBXFileReference section */

/* Begin PBXFrameworksBuildPhase section */
		D42D598E2AF8855100B26547 /* Frameworks */ = {
			isa = PBXFrameworksBuildPhase;
			buildActionMask = 2147483647;
			files = (
				D42D59C62AF8C2B100B26547 /* SnapKit in Frameworks */,
			);
			runOnlyForDeploymentPostprocessing = 0;
		};
		D42D59A42AF8855400B26547 /* Frameworks */ = {
			isa = PBXFrameworksBuildPhase;
			buildActionMask = 2147483647;
			files = (
				D42D59C82AF8C2FC00B26547 /* SnapKit in Frameworks */,
			);
			runOnlyForDeploymentPostprocessing = 0;
		};
		D42D59AE2AF8855400B26547 /* Frameworks */ = {
			isa = PBXFrameworksBuildPhase;
			buildActionMask = 2147483647;
			files = (
			);
			runOnlyForDeploymentPostprocessing = 0;
		};
/* End PBXFrameworksBuildPhase section */

/* Begin PBXGroup section */
		D42D59882AF8855100B26547 = {
			isa = PBXGroup;
			children = (
				D42D59932AF8855100B26547 /* UserDefaults */,
				D42D59AA2AF8855400B26547 /* UserDefaultsTests */,
				D42D59B42AF8855400B26547 /* UserDefaultsUITests */,
				D42D59922AF8855100B26547 /* Products */,
			);
			sourceTree = "<group>";
		};
		D42D59922AF8855100B26547 /* Products */ = {
			isa = PBXGroup;
			children = (
				D42D59912AF8855100B26547 /* UserDefaults.app */,
				D42D59A72AF8855400B26547 /* UserDefaultsTests.xctest */,
				D42D59B12AF8855400B26547 /* UserDefaultsUITests.xctest */,
			);
			name = Products;
			sourceTree = "<group>";
		};
		D42D59932AF8855100B26547 /* UserDefaults */ = {
			isa = PBXGroup;
			children = (
				D42D59942AF8855100B26547 /* AppDelegate.swift */,
				D42D59962AF8855100B26547 /* SceneDelegate.swift */,
				D42D59982AF8855100B26547 /* ViewController.swift */,
				D42D599D2AF8855300B26547 /* Assets.xcassets */,
				D42D599F2AF8855300B26547 /* LaunchScreen.storyboard */,
				D42D59A22AF8855300B26547 /* Info.plist */,
			);
			path = UserDefaults;
			sourceTree = "<group>";
		};
		D42D59AA2AF8855400B26547 /* UserDefaultsTests */ = {
			isa = PBXGroup;
			children = (
				D42D59AB2AF8855400B26547 /* UserDefaultsTests.swift */,
			);
			path = UserDefaultsTests;
			sourceTree = "<group>";
		};
		D42D59B42AF8855400B26547 /* UserDefaultsUITests */ = {
			isa = PBXGroup;
			children = (
				D42D59B52AF8855400B26547 /* UserDefaultsUITests.swift */,
				D42D59B72AF8855400B26547 /* UserDefaultsUITestsLaunchTests.swift */,
			);
			path = UserDefaultsUITests;
			sourceTree = "<group>";
		};
/* End PBXGroup section */

/* Begin PBXNativeTarget section */
		D42D59902AF8855100B26547 /* UserDefaults */ = {
			isa = PBXNativeTarget;
			buildConfigurationList = D42D59BB2AF8855400B26547 /* Build configuration list for PBXNativeTarget "UserDefaults" */;
			buildPhases = (
				D42D598D2AF8855100B26547 /* Sources */,
				D42D598E2AF8855100B26547 /* Frameworks */,
				D42D598F2AF8855100B26547 /* Resources */,
			);
			buildRules = (
			);
			dependencies = (
			);
			name = UserDefaults;
			packageProductDependencies = (
				D42D59C52AF8C2B100B26547 /* SnapKit */,
			);
			productName = UserDefaults;
			productReference = D42D59912AF8855100B26547 /* UserDefaults.app */;
			productType = "com.apple.product-type.application";
		};
		D42D59A62AF8855400B26547 /* UserDefaultsTests */ = {
			isa = PBXNativeTarget;
			buildConfigurationList = D42D59BE2AF8855400B26547 /* Build configuration list for PBXNativeTarget "UserDefaultsTests" */;
			buildPhases = (
				D42D59A32AF8855400B26547 /* Sources */,
				D42D59A42AF8855400B26547 /* Frameworks */,
				D42D59A52AF8855400B26547 /* Resources */,
			);
			buildRules = (
			);
			dependencies = (
				D42D59A92AF8855400B26547 /* PBXTargetDependency */,
			);
			name = UserDefaultsTests;
			packageProductDependencies = (
				D42D59C72AF8C2FC00B26547 /* SnapKit */,
			);
			productName = UserDefaultsTests;
			productReference = D42D59A72AF8855400B26547 /* UserDefaultsTests.xctest */;
			productType = "com.apple.product-type.bundle.unit-test";
		};
		D42D59B02AF8855400B26547 /* UserDefaultsUITests */ = {
			isa = PBXNativeTarget;
			buildConfigurationList = D42D59C12AF8855400B26547 /* Build configuration list for PBXNativeTarget "UserDefaultsUITests" */;
			buildPhases = (
				D42D59AD2AF8855400B26547 /* Sources */,
				D42D59AE2AF8855400B26547 /* Frameworks */,
				D42D59AF2AF8855400B26547 /* Resources */,
			);
			buildRules = (
			);
			dependencies = (
				D42D59B32AF8855400B26547 /* PBXTargetDependency */,
			);
			name = UserDefaultsUITests;
			productName = UserDefaultsUITests;
			productReference = D42D59B12AF8855400B26547 /* UserDefaultsUITests.xctest */;
			productType = "com.apple.product-type.bundle.ui-testing";
		};
/* End PBXNativeTarget section */

/* Begin PBXProject section */
		D42D59892AF8855100B26547 /* Project object */ = {
			isa = PBXProject;
			attributes = {
				BuildIndependentTargetsInParallel = 1;
				LastSwiftUpdateCheck = 1500;
				LastUpgradeCheck = 1500;
				TargetAttributes = {
					D42D59902AF8855100B26547 = {
						CreatedOnToolsVersion = 15.0.1;
					};
					D42D59A62AF8855400B26547 = {
						CreatedOnToolsVersion = 15.0.1;
						TestTargetID = D42D59902AF8855100B26547;
					};
					D42D59B02AF8855400B26547 = {
						CreatedOnToolsVersion = 15.0.1;
						TestTargetID = D42D59902AF8855100B26547;
					};
				};
			};
			buildConfigurationList = D42D598C2AF8855100B26547 /* Build configuration list for PBXProject "UserDefaults" */;
			compatibilityVersion = "Xcode 14.0";
			developmentRegion = en;
			hasScannedForEncodings = 0;
			knownRegions = (
				en,
				Base,
			);
			mainGroup = D42D59882AF8855100B26547;
			packageReferences = (
				D42D59C42AF894EC00B26547 /* XCRemoteSwiftPackageReference "SnapKit" */,
			);
			productRefGroup = D42D59922AF8855100B26547 /* Products */;
			projectDirPath = "";
			projectRoot = "";
			targets = (
				D42D59902AF8855100B26547 /* UserDefaults */,
				D42D59A62AF8855400B26547 /* UserDefaultsTests */,
				D42D59B02AF8855400B26547 /* UserDefaultsUITests */,
			);
		};
/* End PBXProject section */

/* Begin PBXResourcesBuildPhase section */
		D42D598F2AF8855100B26547 /* Resources */ = {
			isa = PBXResourcesBuildPhase;
			buildActionMask = 2147483647;
			files = (
				D42D59A12AF8855300B26547 /* LaunchScreen.storyboard in Resources */,
				D42D599E2AF8855300B26547 /* Assets.xcassets in Resources */,
			);
			runOnlyForDeploymentPostprocessing = 0;
		};
		D42D59A52AF8855400B26547 /* Resources */ = {
			isa = PBXResourcesBuildPhase;
			buildActionMask = 2147483647;
			files = (
			);
			runOnlyForDeploymentPostprocessing = 0;
		};
		D42D59AF2AF8855400B26547 /* Resources */ = {
			isa = PBXResourcesBuildPhase;
			buildActionMask = 2147483647;
			files = (
			);
			runOnlyForDeploymentPostprocessing = 0;
		};
/* End PBXResourcesBuildPhase section */

/* Begin PBXSourcesBuildPhase section */
		D42D598D2AF8855100B26547 /* Sources */ = {
			isa = PBXSourcesBuildPhase;
			buildActionMask = 2147483647;
			files = (
				D42D59992AF8855100B26547 /* ViewController.swift in Sources */,
				D42D59952AF8855100B26547 /* AppDelegate.swift in Sources */,
				D42D59972AF8855100B26547 /* SceneDelegate.swift in Sources */,
			);
			runOnlyForDeploymentPostprocessing = 0;
		};
		D42D59A32AF8855400B26547 /* Sources */ = {
			isa = PBXSourcesBuildPhase;
			buildActionMask = 2147483647;
			files = (
				D42D59AC2AF8855400B26547 /* UserDefaultsTests.swift in Sources */,
			);
			runOnlyForDeploymentPostprocessing = 0;
		};
		D42D59AD2AF8855400B26547 /* Sources */ = {
			isa = PBXSourcesBuildPhase;
			buildActionMask = 2147483647;
			files = (
				D42D59B62AF8855400B26547 /* UserDefaultsUITests.swift in Sources */,
				D42D59B82AF8855400B26547 /* UserDefaultsUITestsLaunchTests.swift in Sources */,
			);
			runOnlyForDeploymentPostprocessing = 0;
		};
/* End PBXSourcesBuildPhase section */

/* Begin PBXTargetDependency section */
		D42D59A92AF8855400B26547 /* PBXTargetDependency */ = {
			isa = PBXTargetDependency;
			target = D42D59902AF8855100B26547 /* UserDefaults */;
			targetProxy = D42D59A82AF8855400B26547 /* PBXContainerItemProxy */;
		};
		D42D59B32AF8855400B26547 /* PBXTargetDependency */ = {
			isa = PBXTargetDependency;
			target = D42D59902AF8855100B26547 /* UserDefaults */;
			targetProxy = D42D59B22AF8855400B26547 /* PBXContainerItemProxy */;
		};
/* End PBXTargetDependency section */

/* Begin PBXVariantGroup section */
		D42D599F2AF8855300B26547 /* LaunchScreen.storyboard */ = {
			isa = PBXVariantGroup;
			children = (
				D42D59A02AF8855300B26547 /* Base */,
			);
			name = LaunchScreen.storyboard;
			sourceTree = "<group>";
		};
/* End PBXVariantGroup section */

/* Begin XCBuildConfiguration section */
		D42D59B92AF8855400B26547 /* Debug */ = {
			isa = XCBuildConfiguration;
			buildSettings = {
				ALWAYS_SEARCH_USER_PATHS = NO;
				ASSETCATALOG_COMPILER_GENERATE_SWIFT_ASSET_SYMBOL_EXTENSIONS = YES;
				CLANG_ANALYZER_NONNULL = YES;
				CLANG_ANALYZER_NUMBER_OBJECT_CONVERSION = YES_AGGRESSIVE;
				CLANG_CXX_LANGUAGE_STANDARD = "gnu++20";
				CLANG_ENABLE_MODULES = YES;
				CLANG_ENABLE_OBJC_ARC = YES;
				CLANG_ENABLE_OBJC_WEAK = YES;
				CLANG_WARN_BLOCK_CAPTURE_AUTORELEASING = YES;
				CLANG_WARN_BOOL_CONVERSION = YES;
				CLANG_WARN_COMMA = YES;
				CLANG_WARN_CONSTANT_CONVERSION = YES;
				CLANG_WARN_DEPRECATED_OBJC_IMPLEMENTATIONS = YES;
				CLANG_WARN_DIRECT_OBJC_ISA_USAGE = YES_ERROR;
				CLANG_WARN_DOCUMENTATION_COMMENTS = YES;
				CLANG_WARN_EMPTY_BODY = YES;
				CLANG_WARN_ENUM_CONVERSION = YES;
				CLANG_WARN_INFINITE_RECURSION = YES;
				CLANG_WARN_INT_CONVERSION = YES;
				CLANG_WARN_NON_LITERAL_NULL_CONVERSION = YES;
				CLANG_WARN_OBJC_IMPLICIT_RETAIN_SELF = YES;
				CLANG_WARN_OBJC_LITERAL_CONVERSION = YES;
				CLANG_WARN_OBJC_ROOT_CLASS = YES_ERROR;
				CLANG_WARN_QUOTED_INCLUDE_IN_FRAMEWORK_HEADER = YES;
				CLANG_WARN_RANGE_LOOP_ANALYSIS = YES;
				CLANG_WARN_STRICT_PROTOTYPES = YES;
				CLANG_WARN_SUSPICIOUS_MOVE = YES;
				CLANG_WARN_UNGUARDED_AVAILABILITY = YES_AGGRESSIVE;
				CLANG_WARN_UNREACHABLE_CODE = YES;
				CLANG_WARN__DUPLICATE_METHOD_MATCH = YES;
				COPY_PHASE_STRIP = NO;
				DEBUG_INFORMATION_FORMAT = dwarf;
				ENABLE_STRICT_OBJC_MSGSEND = YES;
				ENABLE_TESTABILITY = YES;
				ENABLE_USER_SCRIPT_SANDBOXING = YES;
				GCC_C_LANGUAGE_STANDARD = gnu17;
				GCC_DYNAMIC_NO_PIC = NO;
				GCC_NO_COMMON_BLOCKS = YES;
				GCC_OPTIMIZATION_LEVEL = 0;
				GCC_PREPROCESSOR_DEFINITIONS = (
					"DEBUG=1",
					"$(inherited)",
				);
				GCC_WARN_64_TO_32_BIT_CONVERSION = YES;
				GCC_WARN_ABOUT_RETURN_TYPE = YES_ERROR;
				GCC_WARN_UNDECLARED_SELECTOR = YES;
				GCC_WARN_UNINITIALIZED_AUTOS = YES_AGGRESSIVE;
				GCC_WARN_UNUSED_FUNCTION = YES;
				GCC_WARN_UNUSED_VARIABLE = YES;
				IPHONEOS_DEPLOYMENT_TARGET = 17.0;
				LOCALIZATION_PREFERS_STRING_CATALOGS = YES;
				MTL_ENABLE_DEBUG_INFO = INCLUDE_SOURCE;
				MTL_FAST_MATH = YES;
				ONLY_ACTIVE_ARCH = YES;
				SDKROOT = iphoneos;
				SWIFT_ACTIVE_COMPILATION_CONDITIONS = "DEBUG $(inherited)";
				SWIFT_OPTIMIZATION_LEVEL = "-Onone";
			};
			name = Debug;
		};
		D42D59BA2AF8855400B26547 /* Release */ = {
			isa = XCBuildConfiguration;
			buildSettings = {
				ALWAYS_SEARCH_USER_PATHS = NO;
				ASSETCATALOG_COMPILER_GENERATE_SWIFT_ASSET_SYMBOL_EXTENSIONS = YES;
				CLANG_ANALYZER_NONNULL = YES;
				CLANG_ANALYZER_NUMBER_OBJECT_CONVERSION = YES_AGGRESSIVE;
				CLANG_CXX_LANGUAGE_STANDARD = "gnu++20";
				CLANG_ENABLE_MODULES = YES;
				CLANG_ENABLE_OBJC_ARC = YES;
				CLANG_ENABLE_OBJC_WEAK = YES;
				CLANG_WARN_BLOCK_CAPTURE_AUTORELEASING = YES;
				CLANG_WARN_BOOL_CONVERSION = YES;
				CLANG_WARN_COMMA = YES;
				CLANG_WARN_CONSTANT_CONVERSION = YES;
				CLANG_WARN_DEPRECATED_OBJC_IMPLEMENTATIONS = YES;
				CLANG_WARN_DIRECT_OBJC_ISA_USAGE = YES_ERROR;
				CLANG_WARN_DOCUMENTATION_COMMENTS = YES;
				CLANG_WARN_EMPTY_BODY = YES;
				CLANG_WARN_ENUM_CONVERSION = YES;
				CLANG_WARN_INFINITE_RECURSION = YES;
				CLANG_WARN_INT_CONVERSION = YES;
				CLANG_WARN_NON_LITERAL_NULL_CONVERSION = YES;
				CLANG_WARN_OBJC_IMPLICIT_RETAIN_SELF = YES;
				CLANG_WARN_OBJC_LITERAL_CONVERSION = YES;
				CLANG_WARN_OBJC_ROOT_CLASS = YES_ERROR;
				CLANG_WARN_QUOTED_INCLUDE_IN_FRAMEWORK_HEADER = YES;
				CLANG_WARN_RANGE_LOOP_ANALYSIS = YES;
				CLANG_WARN_STRICT_PROTOTYPES = YES;
				CLANG_WARN_SUSPICIOUS_MOVE = YES;
				CLANG_WARN_UNGUARDED_AVAILABILITY = YES_AGGRESSIVE;
				CLANG_WARN_UNREACHABLE_CODE = YES;
				CLANG_WARN__DUPLICATE_METHOD_MATCH = YES;
				COPY_PHASE_STRIP = NO;
				DEBUG_INFORMATION_FORMAT = "dwarf-with-dsym";
				ENABLE_NS_ASSERTIONS = NO;
				ENABLE_STRICT_OBJC_MSGSEND = YES;
				ENABLE_USER_SCRIPT_SANDBOXING = YES;
				GCC_C_LANGUAGE_STANDARD = gnu17;
				GCC_NO_COMMON_BLOCKS = YES;
				GCC_WARN_64_TO_32_BIT_CONVERSION = YES;
				GCC_WARN_ABOUT_RETURN_TYPE = YES_ERROR;
				GCC_WARN_UNDECLARED_SELECTOR = YES;
				GCC_WARN_UNINITIALIZED_AUTOS = YES_AGGRESSIVE;
				GCC_WARN_UNUSED_FUNCTION = YES;
				GCC_WARN_UNUSED_VARIABLE = YES;
				IPHONEOS_DEPLOYMENT_TARGET = 17.0;
				LOCALIZATION_PREFERS_STRING_CATALOGS = YES;
				MTL_ENABLE_DEBUG_INFO = NO;
				MTL_FAST_MATH = YES;
				SDKROOT = iphoneos;
				SWIFT_COMPILATION_MODE = wholemodule;
				VALIDATE_PRODUCT = YES;
			};
			name = Release;
		};
		D42D59BC2AF8855400B26547 /* Debug */ = {
			isa = XCBuildConfiguration;
			buildSettings = {
				ASSETCATALOG_COMPILER_APPICON_NAME = AppIcon;
				ASSETCATALOG_COMPILER_GLOBAL_ACCENT_COLOR_NAME = AccentColor;
				CODE_SIGN_STYLE = Automatic;
				CURRENT_PROJECT_VERSION = 1;
				GENERATE_INFOPLIST_FILE = YES;
				INFOPLIST_FILE = UserDefaults/Info.plist;
				INFOPLIST_KEY_UIApplicationSupportsIndirectInputEvents = YES;
				INFOPLIST_KEY_UILaunchStoryboardName = LaunchScreen;
				INFOPLIST_KEY_UIMainStoryboardFile = "";
				INFOPLIST_KEY_UISupportedInterfaceOrientations_iPad = "UIInterfaceOrientationPortrait UIInterfaceOrientationPortraitUpsideDown UIInterfaceOrientationLandscapeLeft UIInterfaceOrientationLandscapeRight";
				INFOPLIST_KEY_UISupportedInterfaceOrientations_iPhone = "UIInterfaceOrientationPortrait UIInterfaceOrientationLandscapeLeft UIInterfaceOrientationLandscapeRight";
				LD_RUNPATH_SEARCH_PATHS = (
					"$(inherited)",
					"@executable_path/Frameworks",
				);
				MARKETING_VERSION = 1.0;
				PRODUCT_BUNDLE_IDENTIFIER = baesuho.UserDefaults;
				PRODUCT_NAME = "$(TARGET_NAME)";
				SWIFT_EMIT_LOC_STRINGS = YES;
				SWIFT_VERSION = 5.0;
				TARGETED_DEVICE_FAMILY = "1,2";
			};
			name = Debug;
		};
		D42D59BD2AF8855400B26547 /* Release */ = {
			isa = XCBuildConfiguration;
			buildSettings = {
				ASSETCATALOG_COMPILER_APPICON_NAME = AppIcon;
				ASSETCATALOG_COMPILER_GLOBAL_ACCENT_COLOR_NAME = AccentColor;
				CODE_SIGN_STYLE = Automatic;
				CURRENT_PROJECT_VERSION = 1;
				GENERATE_INFOPLIST_FILE = YES;
				INFOPLIST_FILE = UserDefaults/Info.plist;
				INFOPLIST_KEY_UIApplicationSupportsIndirectInputEvents = YES;
				INFOPLIST_KEY_UILaunchStoryboardName = LaunchScreen;
				INFOPLIST_KEY_UIMainStoryboardFile = "";
				INFOPLIST_KEY_UISupportedInterfaceOrientations_iPad = "UIInterfaceOrientationPortrait UIInterfaceOrientationPortraitUpsideDown UIInterfaceOrientationLandscapeLeft UIInterfaceOrientationLandscapeRight";
				INFOPLIST_KEY_UISupportedInterfaceOrientations_iPhone = "UIInterfaceOrientationPortrait UIInterfaceOrientationLandscapeLeft UIInterfaceOrientationLandscapeRight";
				LD_RUNPATH_SEARCH_PATHS = (
					"$(inherited)",
					"@executable_path/Frameworks",
				);
				MARKETING_VERSION = 1.0;
				PRODUCT_BUNDLE_IDENTIFIER = baesuho.UserDefaults;
				PRODUCT_NAME = "$(TARGET_NAME)";
				SWIFT_EMIT_LOC_STRINGS = YES;
				SWIFT_VERSION = 5.0;
				TARGETED_DEVICE_FAMILY = "1,2";
			};
			name = Release;
		};
		D42D59BF2AF8855400B26547 /* Debug */ = {
			isa = XCBuildConfiguration;
			buildSettings = {
				ALWAYS_EMBED_SWIFT_STANDARD_LIBRARIES = YES;
				BUNDLE_LOADER = "$(TEST_HOST)";
				CODE_SIGN_STYLE = Automatic;
				CURRENT_PROJECT_VERSION = 1;
				GENERATE_INFOPLIST_FILE = YES;
				IPHONEOS_DEPLOYMENT_TARGET = 17.0;
				MARKETING_VERSION = 1.0;
				PRODUCT_BUNDLE_IDENTIFIER = baesuho.UserDefaultsTests;
				PRODUCT_NAME = "$(TARGET_NAME)";
				SWIFT_EMIT_LOC_STRINGS = NO;
				SWIFT_VERSION = 5.0;
				TARGETED_DEVICE_FAMILY = "1,2";
				TEST_HOST = "$(BUILT_PRODUCTS_DIR)/UserDefaults.app/$(BUNDLE_EXECUTABLE_FOLDER_PATH)/UserDefaults";
			};
			name = Debug;
		};
		D42D59C02AF8855400B26547 /* Release */ = {
			isa = XCBuildConfiguration;
			buildSettings = {
				ALWAYS_EMBED_SWIFT_STANDARD_LIBRARIES = YES;
				BUNDLE_LOADER = "$(TEST_HOST)";
				CODE_SIGN_STYLE = Automatic;
				CURRENT_PROJECT_VERSION = 1;
				GENERATE_INFOPLIST_FILE = YES;
				IPHONEOS_DEPLOYMENT_TARGET = 17.0;
				MARKETING_VERSION = 1.0;
				PRODUCT_BUNDLE_IDENTIFIER = baesuho.UserDefaultsTests;
				PRODUCT_NAME = "$(TARGET_NAME)";
				SWIFT_EMIT_LOC_STRINGS = NO;
				SWIFT_VERSION = 5.0;
				TARGETED_DEVICE_FAMILY = "1,2";
				TEST_HOST = "$(BUILT_PRODUCTS_DIR)/UserDefaults.app/$(BUNDLE_EXECUTABLE_FOLDER_PATH)/UserDefaults";
			};
			name = Release;
		};
		D42D59C22AF8855400B26547 /* Debug */ = {
			isa = XCBuildConfiguration;
			buildSettings = {
				ALWAYS_EMBED_SWIFT_STANDARD_LIBRARIES = YES;
				CODE_SIGN_STYLE = Automatic;
				CURRENT_PROJECT_VERSION = 1;
				GENERATE_INFOPLIST_FILE = YES;
				MARKETING_VERSION = 1.0;
				PRODUCT_BUNDLE_IDENTIFIER = baesuho.UserDefaultsUITests;
				PRODUCT_NAME = "$(TARGET_NAME)";
				SWIFT_EMIT_LOC_STRINGS = NO;
				SWIFT_VERSION = 5.0;
				TARGETED_DEVICE_FAMILY = "1,2";
				TEST_TARGET_NAME = UserDefaults;
			};
			name = Debug;
		};
		D42D59C32AF8855400B26547 /* Release */ = {
			isa = XCBuildConfiguration;
			buildSettings = {
				ALWAYS_EMBED_SWIFT_STANDARD_LIBRARIES = YES;
				CODE_SIGN_STYLE = Automatic;
				CURRENT_PROJECT_VERSION = 1;
				GENERATE_INFOPLIST_FILE = YES;
				MARKETING_VERSION = 1.0;
				PRODUCT_BUNDLE_IDENTIFIER = baesuho.UserDefaultsUITests;
				PRODUCT_NAME = "$(TARGET_NAME)";
				SWIFT_EMIT_LOC_STRINGS = NO;
				SWIFT_VERSION = 5.0;
				TARGETED_DEVICE_FAMILY = "1,2";
				TEST_TARGET_NAME = UserDefaults;
			};
			name = Release;
		};
/* End XCBuildConfiguration section */

/* Begin XCConfigurationList section */
		D42D598C2AF8855100B26547 /* Build configuration list for PBXProject "UserDefaults" */ = {
			isa = XCConfigurationList;
			buildConfigurations = (
				D42D59B92AF8855400B26547 /* Debug */,
				D42D59BA2AF8855400B26547 /* Release */,
			);
			defaultConfigurationIsVisible = 0;
			defaultConfigurationName = Release;
		};
		D42D59BB2AF8855400B26547 /* Build configuration list for PBXNativeTarget "UserDefaults" */ = {
			isa = XCConfigurationList;
			buildConfigurations = (
				D42D59BC2AF8855400B26547 /* Debug */,
				D42D59BD2AF8855400B26547 /* Release */,
			);
			defaultConfigurationIsVisible = 0;
			defaultConfigurationName = Release;
		};
		D42D59BE2AF8855400B26547 /* Build configuration list for PBXNativeTarget "UserDefaultsTests" */ = {
			isa = XCConfigurationList;
			buildConfigurations = (
				D42D59BF2AF8855400B26547 /* Debug */,
				D42D59C02AF8855400B26547 /* Release */,
			);
			defaultConfigurationIsVisible = 0;
			defaultConfigurationName = Release;
		};
		D42D59C12AF8855400B26547 /* Build configuration list for PBXNativeTarget "UserDefaultsUITests" */ = {
			isa = XCConfigurationList;
			buildConfigurations = (
				D42D59C22AF8855400B26547 /* Debug */,
				D42D59C32AF8855400B26547 /* Release */,
			);
			defaultConfigurationIsVisible = 0;
			defaultConfigurationName = Release;
		};
/* End XCConfigurationList section */

/* Begin XCRemoteSwiftPackageReference section */
		D42D59C42AF894EC00B26547 /* XCRemoteSwiftPackageReference "SnapKit" */ = {
			isa = XCRemoteSwiftPackageReference;
			repositoryURL = "https://github.com/SnapKit/SnapKit.git";
			requirement = {
				kind = upToNextMajorVersion;
				minimumVersion = 5.6.0;
			};
		};
/* End XCRemoteSwiftPackageReference section */

/* Begin XCSwiftPackageProductDependency section */
		D42D59C52AF8C2B100B26547 /* SnapKit */ = {
			isa = XCSwiftPackageProductDependency;
			package = D42D59C42AF894EC00B26547 /* XCRemoteSwiftPackageReference "SnapKit" */;
			productName = SnapKit;
		};
		D42D59C72AF8C2FC00B26547 /* SnapKit */ = {
			isa = XCSwiftPackageProductDependency;
			package = D42D59C42AF894EC00B26547 /* XCRemoteSwiftPackageReference "SnapKit" */;
			productName = SnapKit;
		};
/* End XCSwiftPackageProductDependency section */
	};
	rootObject = D42D59892AF8855100B26547 /* Project object */;
}
