// !$*UTF8*$!
{
	archiveVersion = 1;
	classes = {
	};
	objectVersion = 56;
	objects = {

/* Begin PBXBuildFile section */
		D4952CAE2B0F0B2A002D575F /* Daangn_SwiftUIApp.swift in Sources */ = {isa = PBXBuildFile; fileRef = D4952CAD2B0F0B2A002D575F /* Daangn_SwiftUIApp.swift */; };
		D4952CB02B0F0B2A002D575F /* ContentView.swift in Sources */ = {isa = PBXBuildFile; fileRef = D4952CAF2B0F0B2A002D575F /* ContentView.swift */; };
		D4952CB22B0F0B2B002D575F /* Assets.xcassets in Resources */ = {isa = PBXBuildFile; fileRef = D4952CB12B0F0B2B002D575F /* Assets.xcassets */; };
		D4952CB52B0F0B2B002D575F /* Preview Assets.xcassets in Resources */ = {isa = PBXBuildFile; fileRef = D4952CB42B0F0B2B002D575F /* Preview Assets.xcassets */; };
		D4952CBF2B0F0B2C002D575F /* Daangn_SwiftUITests.swift in Sources */ = {isa = PBXBuildFile; fileRef = D4952CBE2B0F0B2C002D575F /* Daangn_SwiftUITests.swift */; };
		D4952CC92B0F0B2C002D575F /* Daangn_SwiftUIUITests.swift in Sources */ = {isa = PBXBuildFile; fileRef = D4952CC82B0F0B2C002D575F /* Daangn_SwiftUIUITests.swift */; };
		D4952CCB2B0F0B2C002D575F /* Daangn_SwiftUIUITestsLaunchTests.swift in Sources */ = {isa = PBXBuildFile; fileRef = D4952CCA2B0F0B2C002D575F /* Daangn_SwiftUIUITestsLaunchTests.swift */; };
		D4A029E42B11CFB000066C33 /* TopView.swift in Sources */ = {isa = PBXBuildFile; fileRef = D4A029E32B11CFB000066C33 /* TopView.swift */; };
		D4A029E62B11CFBC00066C33 /* bodyView.swift in Sources */ = {isa = PBXBuildFile; fileRef = D4A029E52B11CFBC00066C33 /* bodyView.swift */; };
		D4A029E82B11CFD500066C33 /* TabBar.swift in Sources */ = {isa = PBXBuildFile; fileRef = D4A029E72B11CFD500066C33 /* TabBar.swift */; };
		D4A029EA2B1366A600066C33 /* itemViewCell.swift in Sources */ = {isa = PBXBuildFile; fileRef = D4A029E92B1366A600066C33 /* itemViewCell.swift */; };
		D4A029EC2B13675500066C33 /* HscrollViewCell.swift in Sources */ = {isa = PBXBuildFile; fileRef = D4A029EB2B13675500066C33 /* HscrollViewCell.swift */; };
/* End PBXBuildFile section */

/* Begin PBXContainerItemProxy section */
		D4952CBB2B0F0B2C002D575F /* PBXContainerItemProxy */ = {
			isa = PBXContainerItemProxy;
			containerPortal = D4952CA22B0F0B2A002D575F /* Project object */;
			proxyType = 1;
			remoteGlobalIDString = D4952CA92B0F0B2A002D575F;
			remoteInfo = Daangn_SwiftUI;
		};
		D4952CC52B0F0B2C002D575F /* PBXContainerItemProxy */ = {
			isa = PBXContainerItemProxy;
			containerPortal = D4952CA22B0F0B2A002D575F /* Project object */;
			proxyType = 1;
			remoteGlobalIDString = D4952CA92B0F0B2A002D575F;
			remoteInfo = Daangn_SwiftUI;
		};
/* End PBXContainerItemProxy section */

/* Begin PBXFileReference section */
		D4952CAA2B0F0B2A002D575F /* Daangn_SwiftUI.app */ = {isa = PBXFileReference; explicitFileType = wrapper.application; includeInIndex = 0; path = Daangn_SwiftUI.app; sourceTree = BUILT_PRODUCTS_DIR; };
		D4952CAD2B0F0B2A002D575F /* Daangn_SwiftUIApp.swift */ = {isa = PBXFileReference; lastKnownFileType = sourcecode.swift; path = Daangn_SwiftUIApp.swift; sourceTree = "<group>"; };
		D4952CAF2B0F0B2A002D575F /* ContentView.swift */ = {isa = PBXFileReference; lastKnownFileType = sourcecode.swift; path = ContentView.swift; sourceTree = "<group>"; };
		D4952CB12B0F0B2B002D575F /* Assets.xcassets */ = {isa = PBXFileReference; lastKnownFileType = folder.assetcatalog; path = Assets.xcassets; sourceTree = "<group>"; };
		D4952CB42B0F0B2B002D575F /* Preview Assets.xcassets */ = {isa = PBXFileReference; lastKnownFileType = folder.assetcatalog; path = "Preview Assets.xcassets"; sourceTree = "<group>"; };
		D4952CBA2B0F0B2C002D575F /* Daangn_SwiftUITests.xctest */ = {isa = PBXFileReference; explicitFileType = wrapper.cfbundle; includeInIndex = 0; path = Daangn_SwiftUITests.xctest; sourceTree = BUILT_PRODUCTS_DIR; };
		D4952CBE2B0F0B2C002D575F /* Daangn_SwiftUITests.swift */ = {isa = PBXFileReference; lastKnownFileType = sourcecode.swift; path = Daangn_SwiftUITests.swift; sourceTree = "<group>"; };
		D4952CC42B0F0B2C002D575F /* Daangn_SwiftUIUITests.xctest */ = {isa = PBXFileReference; explicitFileType = wrapper.cfbundle; includeInIndex = 0; path = Daangn_SwiftUIUITests.xctest; sourceTree = BUILT_PRODUCTS_DIR; };
		D4952CC82B0F0B2C002D575F /* Daangn_SwiftUIUITests.swift */ = {isa = PBXFileReference; lastKnownFileType = sourcecode.swift; path = Daangn_SwiftUIUITests.swift; sourceTree = "<group>"; };
		D4952CCA2B0F0B2C002D575F /* Daangn_SwiftUIUITestsLaunchTests.swift */ = {isa = PBXFileReference; lastKnownFileType = sourcecode.swift; path = Daangn_SwiftUIUITestsLaunchTests.swift; sourceTree = "<group>"; };
		D4A029E32B11CFB000066C33 /* TopView.swift */ = {isa = PBXFileReference; lastKnownFileType = sourcecode.swift; path = TopView.swift; sourceTree = "<group>"; };
		D4A029E52B11CFBC00066C33 /* bodyView.swift */ = {isa = PBXFileReference; lastKnownFileType = sourcecode.swift; path = bodyView.swift; sourceTree = "<group>"; };
		D4A029E72B11CFD500066C33 /* TabBar.swift */ = {isa = PBXFileReference; lastKnownFileType = sourcecode.swift; path = TabBar.swift; sourceTree = "<group>"; };
		D4A029E92B1366A600066C33 /* itemViewCell.swift */ = {isa = PBXFileReference; lastKnownFileType = sourcecode.swift; path = itemViewCell.swift; sourceTree = "<group>"; };
		D4A029EB2B13675500066C33 /* HscrollViewCell.swift */ = {isa = PBXFileReference; lastKnownFileType = sourcecode.swift; path = HscrollViewCell.swift; sourceTree = "<group>"; };
/* End PBXFileReference section */

/* Begin PBXFrameworksBuildPhase section */
		D4952CA72B0F0B2A002D575F /* Frameworks */ = {
			isa = PBXFrameworksBuildPhase;
			buildActionMask = 2147483647;
			files = (
			);
			runOnlyForDeploymentPostprocessing = 0;
		};
		D4952CB72B0F0B2C002D575F /* Frameworks */ = {
			isa = PBXFrameworksBuildPhase;
			buildActionMask = 2147483647;
			files = (
			);
			runOnlyForDeploymentPostprocessing = 0;
		};
		D4952CC12B0F0B2C002D575F /* Frameworks */ = {
			isa = PBXFrameworksBuildPhase;
			buildActionMask = 2147483647;
			files = (
			);
			runOnlyForDeploymentPostprocessing = 0;
		};
/* End PBXFrameworksBuildPhase section */

/* Begin PBXGroup section */
		D4952CA12B0F0B2A002D575F = {
			isa = PBXGroup;
			children = (
				D4952CAC2B0F0B2A002D575F /* Daangn_SwiftUI */,
				D4952CBD2B0F0B2C002D575F /* Daangn_SwiftUITests */,
				D4952CC72B0F0B2C002D575F /* Daangn_SwiftUIUITests */,
				D4952CAB2B0F0B2A002D575F /* Products */,
			);
			sourceTree = "<group>";
		};
		D4952CAB2B0F0B2A002D575F /* Products */ = {
			isa = PBXGroup;
			children = (
				D4952CAA2B0F0B2A002D575F /* Daangn_SwiftUI.app */,
				D4952CBA2B0F0B2C002D575F /* Daangn_SwiftUITests.xctest */,
				D4952CC42B0F0B2C002D575F /* Daangn_SwiftUIUITests.xctest */,
			);
			name = Products;
			sourceTree = "<group>";
		};
		D4952CAC2B0F0B2A002D575F /* Daangn_SwiftUI */ = {
			isa = PBXGroup;
			children = (
				D4952CAD2B0F0B2A002D575F /* Daangn_SwiftUIApp.swift */,
				D4952CAF2B0F0B2A002D575F /* ContentView.swift */,
				D4952CB12B0F0B2B002D575F /* Assets.xcassets */,
				D4952CB32B0F0B2B002D575F /* Preview Content */,
				D4A029E32B11CFB000066C33 /* TopView.swift */,
				D4A029E52B11CFBC00066C33 /* bodyView.swift */,
				D4A029E92B1366A600066C33 /* itemViewCell.swift */,
				D4A029E72B11CFD500066C33 /* TabBar.swift */,
				D4A029EB2B13675500066C33 /* HscrollViewCell.swift */,
			);
			path = Daangn_SwiftUI;
			sourceTree = "<group>";
		};
		D4952CB32B0F0B2B002D575F /* Preview Content */ = {
			isa = PBXGroup;
			children = (
				D4952CB42B0F0B2B002D575F /* Preview Assets.xcassets */,
			);
			path = "Preview Content";
			sourceTree = "<group>";
		};
		D4952CBD2B0F0B2C002D575F /* Daangn_SwiftUITests */ = {
			isa = PBXGroup;
			children = (
				D4952CBE2B0F0B2C002D575F /* Daangn_SwiftUITests.swift */,
			);
			path = Daangn_SwiftUITests;
			sourceTree = "<group>";
		};
		D4952CC72B0F0B2C002D575F /* Daangn_SwiftUIUITests */ = {
			isa = PBXGroup;
			children = (
				D4952CC82B0F0B2C002D575F /* Daangn_SwiftUIUITests.swift */,
				D4952CCA2B0F0B2C002D575F /* Daangn_SwiftUIUITestsLaunchTests.swift */,
			);
			path = Daangn_SwiftUIUITests;
			sourceTree = "<group>";
		};
/* End PBXGroup section */

/* Begin PBXNativeTarget section */
		D4952CA92B0F0B2A002D575F /* Daangn_SwiftUI */ = {
			isa = PBXNativeTarget;
			buildConfigurationList = D4952CCE2B0F0B2C002D575F /* Build configuration list for PBXNativeTarget "Daangn_SwiftUI" */;
			buildPhases = (
				D4952CA62B0F0B2A002D575F /* Sources */,
				D4952CA72B0F0B2A002D575F /* Frameworks */,
				D4952CA82B0F0B2A002D575F /* Resources */,
			);
			buildRules = (
			);
			dependencies = (
			);
			name = Daangn_SwiftUI;
			productName = Daangn_SwiftUI;
			productReference = D4952CAA2B0F0B2A002D575F /* Daangn_SwiftUI.app */;
			productType = "com.apple.product-type.application";
		};
		D4952CB92B0F0B2C002D575F /* Daangn_SwiftUITests */ = {
			isa = PBXNativeTarget;
			buildConfigurationList = D4952CD12B0F0B2C002D575F /* Build configuration list for PBXNativeTarget "Daangn_SwiftUITests" */;
			buildPhases = (
				D4952CB62B0F0B2C002D575F /* Sources */,
				D4952CB72B0F0B2C002D575F /* Frameworks */,
				D4952CB82B0F0B2C002D575F /* Resources */,
			);
			buildRules = (
			);
			dependencies = (
				D4952CBC2B0F0B2C002D575F /* PBXTargetDependency */,
			);
			name = Daangn_SwiftUITests;
			productName = Daangn_SwiftUITests;
			productReference = D4952CBA2B0F0B2C002D575F /* Daangn_SwiftUITests.xctest */;
			productType = "com.apple.product-type.bundle.unit-test";
		};
		D4952CC32B0F0B2C002D575F /* Daangn_SwiftUIUITests */ = {
			isa = PBXNativeTarget;
			buildConfigurationList = D4952CD42B0F0B2C002D575F /* Build configuration list for PBXNativeTarget "Daangn_SwiftUIUITests" */;
			buildPhases = (
				D4952CC02B0F0B2C002D575F /* Sources */,
				D4952CC12B0F0B2C002D575F /* Frameworks */,
				D4952CC22B0F0B2C002D575F /* Resources */,
			);
			buildRules = (
			);
			dependencies = (
				D4952CC62B0F0B2C002D575F /* PBXTargetDependency */,
			);
			name = Daangn_SwiftUIUITests;
			productName = Daangn_SwiftUIUITests;
			productReference = D4952CC42B0F0B2C002D575F /* Daangn_SwiftUIUITests.xctest */;
			productType = "com.apple.product-type.bundle.ui-testing";
		};
/* End PBXNativeTarget section */

/* Begin PBXProject section */
		D4952CA22B0F0B2A002D575F /* Project object */ = {
			isa = PBXProject;
			attributes = {
				BuildIndependentTargetsInParallel = 1;
				LastSwiftUpdateCheck = 1500;
				LastUpgradeCheck = 1500;
				TargetAttributes = {
					D4952CA92B0F0B2A002D575F = {
						CreatedOnToolsVersion = 15.0.1;
					};
					D4952CB92B0F0B2C002D575F = {
						CreatedOnToolsVersion = 15.0.1;
						TestTargetID = D4952CA92B0F0B2A002D575F;
					};
					D4952CC32B0F0B2C002D575F = {
						CreatedOnToolsVersion = 15.0.1;
						TestTargetID = D4952CA92B0F0B2A002D575F;
					};
				};
			};
			buildConfigurationList = D4952CA52B0F0B2A002D575F /* Build configuration list for PBXProject "Daangn_SwiftUI" */;
			compatibilityVersion = "Xcode 14.0";
			developmentRegion = en;
			hasScannedForEncodings = 0;
			knownRegions = (
				en,
				Base,
			);
			mainGroup = D4952CA12B0F0B2A002D575F;
			productRefGroup = D4952CAB2B0F0B2A002D575F /* Products */;
			projectDirPath = "";
			projectRoot = "";
			targets = (
				D4952CA92B0F0B2A002D575F /* Daangn_SwiftUI */,
				D4952CB92B0F0B2C002D575F /* Daangn_SwiftUITests */,
				D4952CC32B0F0B2C002D575F /* Daangn_SwiftUIUITests */,
			);
		};
/* End PBXProject section */

/* Begin PBXResourcesBuildPhase section */
		D4952CA82B0F0B2A002D575F /* Resources */ = {
			isa = PBXResourcesBuildPhase;
			buildActionMask = 2147483647;
			files = (
				D4952CB52B0F0B2B002D575F /* Preview Assets.xcassets in Resources */,
				D4952CB22B0F0B2B002D575F /* Assets.xcassets in Resources */,
			);
			runOnlyForDeploymentPostprocessing = 0;
		};
		D4952CB82B0F0B2C002D575F /* Resources */ = {
			isa = PBXResourcesBuildPhase;
			buildActionMask = 2147483647;
			files = (
			);
			runOnlyForDeploymentPostprocessing = 0;
		};
		D4952CC22B0F0B2C002D575F /* Resources */ = {
			isa = PBXResourcesBuildPhase;
			buildActionMask = 2147483647;
			files = (
			);
			runOnlyForDeploymentPostprocessing = 0;
		};
/* End PBXResourcesBuildPhase section */

/* Begin PBXSourcesBuildPhase section */
		D4952CA62B0F0B2A002D575F /* Sources */ = {
			isa = PBXSourcesBuildPhase;
			buildActionMask = 2147483647;
			files = (
				D4952CB02B0F0B2A002D575F /* ContentView.swift in Sources */,
				D4A029E42B11CFB000066C33 /* TopView.swift in Sources */,
				D4A029EC2B13675500066C33 /* HscrollViewCell.swift in Sources */,
				D4A029E62B11CFBC00066C33 /* bodyView.swift in Sources */,
				D4A029EA2B1366A600066C33 /* itemViewCell.swift in Sources */,
				D4952CAE2B0F0B2A002D575F /* Daangn_SwiftUIApp.swift in Sources */,
				D4A029E82B11CFD500066C33 /* TabBar.swift in Sources */,
			);
			runOnlyForDeploymentPostprocessing = 0;
		};
		D4952CB62B0F0B2C002D575F /* Sources */ = {
			isa = PBXSourcesBuildPhase;
			buildActionMask = 2147483647;
			files = (
				D4952CBF2B0F0B2C002D575F /* Daangn_SwiftUITests.swift in Sources */,
			);
			runOnlyForDeploymentPostprocessing = 0;
		};
		D4952CC02B0F0B2C002D575F /* Sources */ = {
			isa = PBXSourcesBuildPhase;
			buildActionMask = 2147483647;
			files = (
				D4952CC92B0F0B2C002D575F /* Daangn_SwiftUIUITests.swift in Sources */,
				D4952CCB2B0F0B2C002D575F /* Daangn_SwiftUIUITestsLaunchTests.swift in Sources */,
			);
			runOnlyForDeploymentPostprocessing = 0;
		};
/* End PBXSourcesBuildPhase section */

/* Begin PBXTargetDependency section */
		D4952CBC2B0F0B2C002D575F /* PBXTargetDependency */ = {
			isa = PBXTargetDependency;
			target = D4952CA92B0F0B2A002D575F /* Daangn_SwiftUI */;
			targetProxy = D4952CBB2B0F0B2C002D575F /* PBXContainerItemProxy */;
		};
		D4952CC62B0F0B2C002D575F /* PBXTargetDependency */ = {
			isa = PBXTargetDependency;
			target = D4952CA92B0F0B2A002D575F /* Daangn_SwiftUI */;
			targetProxy = D4952CC52B0F0B2C002D575F /* PBXContainerItemProxy */;
		};
/* End PBXTargetDependency section */

/* Begin XCBuildConfiguration section */
		D4952CCC2B0F0B2C002D575F /* Debug */ = {
			isa = XCBuildConfiguration;
			buildSettings = {
				ALWAYS_SEARCH_USER_PATHS = NO;
				ASSETCATALOG_COMPILER_GENERATE_SWIFT_ASSET_SYMBOL_EXTENSIONS = YES;
				CLANG_ANALYZER_NONNULL = YES;
				CLANG_ANALYZER_NUMBER_OBJECT_CONVERSION = YES_AGGRESSIVE;
				CLANG_CXX_LANGUAGE_STANDARD = "gnu++20";
				CLANG_ENABLE_MODULES = YES;
				CLANG_ENABLE_OBJC_ARC = YES;
				CLANG_ENABLE_OBJC_WEAK = YES;
				CLANG_WARN_BLOCK_CAPTURE_AUTORELEASING = YES;
				CLANG_WARN_BOOL_CONVERSION = YES;
				CLANG_WARN_COMMA = YES;
				CLANG_WARN_CONSTANT_CONVERSION = YES;
				CLANG_WARN_DEPRECATED_OBJC_IMPLEMENTATIONS = YES;
				CLANG_WARN_DIRECT_OBJC_ISA_USAGE = YES_ERROR;
				CLANG_WARN_DOCUMENTATION_COMMENTS = YES;
				CLANG_WARN_EMPTY_BODY = YES;
				CLANG_WARN_ENUM_CONVERSION = YES;
				CLANG_WARN_INFINITE_RECURSION = YES;
				CLANG_WARN_INT_CONVERSION = YES;
				CLANG_WARN_NON_LITERAL_NULL_CONVERSION = YES;
				CLANG_WARN_OBJC_IMPLICIT_RETAIN_SELF = YES;
				CLANG_WARN_OBJC_LITERAL_CONVERSION = YES;
				CLANG_WARN_OBJC_ROOT_CLASS = YES_ERROR;
				CLANG_WARN_QUOTED_INCLUDE_IN_FRAMEWORK_HEADER = YES;
				CLANG_WARN_RANGE_LOOP_ANALYSIS = YES;
				CLANG_WARN_STRICT_PROTOTYPES = YES;
				CLANG_WARN_SUSPICIOUS_MOVE = YES;
				CLANG_WARN_UNGUARDED_AVAILABILITY = YES_AGGRESSIVE;
				CLANG_WARN_UNREACHABLE_CODE = YES;
				CLANG_WARN__DUPLICATE_METHOD_MATCH = YES;
				COPY_PHASE_STRIP = NO;
				DEBUG_INFORMATION_FORMAT = dwarf;
				ENABLE_STRICT_OBJC_MSGSEND = YES;
				ENABLE_TESTABILITY = YES;
				ENABLE_USER_SCRIPT_SANDBOXING = YES;
				GCC_C_LANGUAGE_STANDARD = gnu17;
				GCC_DYNAMIC_NO_PIC = NO;
				GCC_NO_COMMON_BLOCKS = YES;
				GCC_OPTIMIZATION_LEVEL = 0;
				GCC_PREPROCESSOR_DEFINITIONS = (
					"DEBUG=1",
					"$(inherited)",
				);
				GCC_WARN_64_TO_32_BIT_CONVERSION = YES;
				GCC_WARN_ABOUT_RETURN_TYPE = YES_ERROR;
				GCC_WARN_UNDECLARED_SELECTOR = YES;
				GCC_WARN_UNINITIALIZED_AUTOS = YES_AGGRESSIVE;
				GCC_WARN_UNUSED_FUNCTION = YES;
				GCC_WARN_UNUSED_VARIABLE = YES;
				IPHONEOS_DEPLOYMENT_TARGET = 17.0;
				LOCALIZATION_PREFERS_STRING_CATALOGS = YES;
				MTL_ENABLE_DEBUG_INFO = INCLUDE_SOURCE;
				MTL_FAST_MATH = YES;
				ONLY_ACTIVE_ARCH = YES;
				SDKROOT = iphoneos;
				SWIFT_ACTIVE_COMPILATION_CONDITIONS = "DEBUG $(inherited)";
				SWIFT_OPTIMIZATION_LEVEL = "-Onone";
			};
			name = Debug;
		};
		D4952CCD2B0F0B2C002D575F /* Release */ = {
			isa = XCBuildConfiguration;
			buildSettings = {
				ALWAYS_SEARCH_USER_PATHS = NO;
				ASSETCATALOG_COMPILER_GENERATE_SWIFT_ASSET_SYMBOL_EXTENSIONS = YES;
				CLANG_ANALYZER_NONNULL = YES;
				CLANG_ANALYZER_NUMBER_OBJECT_CONVERSION = YES_AGGRESSIVE;
				CLANG_CXX_LANGUAGE_STANDARD = "gnu++20";
				CLANG_ENABLE_MODULES = YES;
				CLANG_ENABLE_OBJC_ARC = YES;
				CLANG_ENABLE_OBJC_WEAK = YES;
				CLANG_WARN_BLOCK_CAPTURE_AUTORELEASING = YES;
				CLANG_WARN_BOOL_CONVERSION = YES;
				CLANG_WARN_COMMA = YES;
				CLANG_WARN_CONSTANT_CONVERSION = YES;
				CLANG_WARN_DEPRECATED_OBJC_IMPLEMENTATIONS = YES;
				CLANG_WARN_DIRECT_OBJC_ISA_USAGE = YES_ERROR;
				CLANG_WARN_DOCUMENTATION_COMMENTS = YES;
				CLANG_WARN_EMPTY_BODY = YES;
				CLANG_WARN_ENUM_CONVERSION = YES;
				CLANG_WARN_INFINITE_RECURSION = YES;
				CLANG_WARN_INT_CONVERSION = YES;
				CLANG_WARN_NON_LITERAL_NULL_CONVERSION = YES;
				CLANG_WARN_OBJC_IMPLICIT_RETAIN_SELF = YES;
				CLANG_WARN_OBJC_LITERAL_CONVERSION = YES;
				CLANG_WARN_OBJC_ROOT_CLASS = YES_ERROR;
				CLANG_WARN_QUOTED_INCLUDE_IN_FRAMEWORK_HEADER = YES;
				CLANG_WARN_RANGE_LOOP_ANALYSIS = YES;
				CLANG_WARN_STRICT_PROTOTYPES = YES;
				CLANG_WARN_SUSPICIOUS_MOVE = YES;
				CLANG_WARN_UNGUARDED_AVAILABILITY = YES_AGGRESSIVE;
				CLANG_WARN_UNREACHABLE_CODE = YES;
				CLANG_WARN__DUPLICATE_METHOD_MATCH = YES;
				COPY_PHASE_STRIP = NO;
				DEBUG_INFORMATION_FORMAT = "dwarf-with-dsym";
				ENABLE_NS_ASSERTIONS = NO;
				ENABLE_STRICT_OBJC_MSGSEND = YES;
				ENABLE_USER_SCRIPT_SANDBOXING = YES;
				GCC_C_LANGUAGE_STANDARD = gnu17;
				GCC_NO_COMMON_BLOCKS = YES;
				GCC_WARN_64_TO_32_BIT_CONVERSION = YES;
				GCC_WARN_ABOUT_RETURN_TYPE = YES_ERROR;
				GCC_WARN_UNDECLARED_SELECTOR = YES;
				GCC_WARN_UNINITIALIZED_AUTOS = YES_AGGRESSIVE;
				GCC_WARN_UNUSED_FUNCTION = YES;
				GCC_WARN_UNUSED_VARIABLE = YES;
				IPHONEOS_DEPLOYMENT_TARGET = 17.0;
				LOCALIZATION_PREFERS_STRING_CATALOGS = YES;
				MTL_ENABLE_DEBUG_INFO = NO;
				MTL_FAST_MATH = YES;
				SDKROOT = iphoneos;
				SWIFT_COMPILATION_MODE = wholemodule;
				VALIDATE_PRODUCT = YES;
			};
			name = Release;
		};
		D4952CCF2B0F0B2C002D575F /* Debug */ = {
			isa = XCBuildConfiguration;
			buildSettings = {
				ASSETCATALOG_COMPILER_APPICON_NAME = AppIcon;
				ASSETCATALOG_COMPILER_GLOBAL_ACCENT_COLOR_NAME = AccentColor;
				CODE_SIGN_STYLE = Automatic;
				CURRENT_PROJECT_VERSION = 1;
				DEVELOPMENT_ASSET_PATHS = "\"Daangn_SwiftUI/Preview Content\"";
				ENABLE_PREVIEWS = YES;
				GENERATE_INFOPLIST_FILE = YES;
				INFOPLIST_KEY_UIApplicationSceneManifest_Generation = YES;
				INFOPLIST_KEY_UIApplicationSupportsIndirectInputEvents = YES;
				INFOPLIST_KEY_UILaunchScreen_Generation = YES;
				INFOPLIST_KEY_UISupportedInterfaceOrientations_iPad = "UIInterfaceOrientationPortrait UIInterfaceOrientationPortraitUpsideDown UIInterfaceOrientationLandscapeLeft UIInterfaceOrientationLandscapeRight";
				INFOPLIST_KEY_UISupportedInterfaceOrientations_iPhone = "UIInterfaceOrientationPortrait UIInterfaceOrientationLandscapeLeft UIInterfaceOrientationLandscapeRight";
				LD_RUNPATH_SEARCH_PATHS = (
					"$(inherited)",
					"@executable_path/Frameworks",
				);
				MARKETING_VERSION = 1.0;
				PRODUCT_BUNDLE_IDENTIFIER = "baesuho.Daangn-SwiftUI";
				PRODUCT_NAME = "$(TARGET_NAME)";
				SWIFT_EMIT_LOC_STRINGS = YES;
				SWIFT_VERSION = 5.0;
				TARGETED_DEVICE_FAMILY = "1,2";
			};
			name = Debug;
		};
		D4952CD02B0F0B2C002D575F /* Release */ = {
			isa = XCBuildConfiguration;
			buildSettings = {
				ASSETCATALOG_COMPILER_APPICON_NAME = AppIcon;
				ASSETCATALOG_COMPILER_GLOBAL_ACCENT_COLOR_NAME = AccentColor;
				CODE_SIGN_STYLE = Automatic;
				CURRENT_PROJECT_VERSION = 1;
				DEVELOPMENT_ASSET_PATHS = "\"Daangn_SwiftUI/Preview Content\"";
				ENABLE_PREVIEWS = YES;
				GENERATE_INFOPLIST_FILE = YES;
				INFOPLIST_KEY_UIApplicationSceneManifest_Generation = YES;
				INFOPLIST_KEY_UIApplicationSupportsIndirectInputEvents = YES;
				INFOPLIST_KEY_UILaunchScreen_Generation = YES;
				INFOPLIST_KEY_UISupportedInterfaceOrientations_iPad = "UIInterfaceOrientationPortrait UIInterfaceOrientationPortraitUpsideDown UIInterfaceOrientationLandscapeLeft UIInterfaceOrientationLandscapeRight";
				INFOPLIST_KEY_UISupportedInterfaceOrientations_iPhone = "UIInterfaceOrientationPortrait UIInterfaceOrientationLandscapeLeft UIInterfaceOrientationLandscapeRight";
				LD_RUNPATH_SEARCH_PATHS = (
					"$(inherited)",
					"@executable_path/Frameworks",
				);
				MARKETING_VERSION = 1.0;
				PRODUCT_BUNDLE_IDENTIFIER = "baesuho.Daangn-SwiftUI";
				PRODUCT_NAME = "$(TARGET_NAME)";
				SWIFT_EMIT_LOC_STRINGS = YES;
				SWIFT_VERSION = 5.0;
				TARGETED_DEVICE_FAMILY = "1,2";
			};
			name = Release;
		};
		D4952CD22B0F0B2C002D575F /* Debug */ = {
			isa = XCBuildConfiguration;
			buildSettings = {
				ALWAYS_EMBED_SWIFT_STANDARD_LIBRARIES = YES;
				BUNDLE_LOADER = "$(TEST_HOST)";
				CODE_SIGN_STYLE = Automatic;
				CURRENT_PROJECT_VERSION = 1;
				GENERATE_INFOPLIST_FILE = YES;
				IPHONEOS_DEPLOYMENT_TARGET = 17.0;
				MARKETING_VERSION = 1.0;
				PRODUCT_BUNDLE_IDENTIFIER = "baesuho.Daangn-SwiftUITests";
				PRODUCT_NAME = "$(TARGET_NAME)";
				SWIFT_EMIT_LOC_STRINGS = NO;
				SWIFT_VERSION = 5.0;
				TARGETED_DEVICE_FAMILY = "1,2";
				TEST_HOST = "$(BUILT_PRODUCTS_DIR)/Daangn_SwiftUI.app/$(BUNDLE_EXECUTABLE_FOLDER_PATH)/Daangn_SwiftUI";
			};
			name = Debug;
		};
		D4952CD32B0F0B2C002D575F /* Release */ = {
			isa = XCBuildConfiguration;
			buildSettings = {
				ALWAYS_EMBED_SWIFT_STANDARD_LIBRARIES = YES;
				BUNDLE_LOADER = "$(TEST_HOST)";
				CODE_SIGN_STYLE = Automatic;
				CURRENT_PROJECT_VERSION = 1;
				GENERATE_INFOPLIST_FILE = YES;
				IPHONEOS_DEPLOYMENT_TARGET = 17.0;
				MARKETING_VERSION = 1.0;
				PRODUCT_BUNDLE_IDENTIFIER = "baesuho.Daangn-SwiftUITests";
				PRODUCT_NAME = "$(TARGET_NAME)";
				SWIFT_EMIT_LOC_STRINGS = NO;
				SWIFT_VERSION = 5.0;
				TARGETED_DEVICE_FAMILY = "1,2";
				TEST_HOST = "$(BUILT_PRODUCTS_DIR)/Daangn_SwiftUI.app/$(BUNDLE_EXECUTABLE_FOLDER_PATH)/Daangn_SwiftUI";
			};
			name = Release;
		};
		D4952CD52B0F0B2C002D575F /* Debug */ = {
			isa = XCBuildConfiguration;
			buildSettings = {
				ALWAYS_EMBED_SWIFT_STANDARD_LIBRARIES = YES;
				CODE_SIGN_STYLE = Automatic;
				CURRENT_PROJECT_VERSION = 1;
				GENERATE_INFOPLIST_FILE = YES;
				MARKETING_VERSION = 1.0;
				PRODUCT_BUNDLE_IDENTIFIER = "baesuho.Daangn-SwiftUIUITests";
				PRODUCT_NAME = "$(TARGET_NAME)";
				SWIFT_EMIT_LOC_STRINGS = NO;
				SWIFT_VERSION = 5.0;
				TARGETED_DEVICE_FAMILY = "1,2";
				TEST_TARGET_NAME = Daangn_SwiftUI;
			};
			name = Debug;
		};
		D4952CD62B0F0B2C002D575F /* Release */ = {
			isa = XCBuildConfiguration;
			buildSettings = {
				ALWAYS_EMBED_SWIFT_STANDARD_LIBRARIES = YES;
				CODE_SIGN_STYLE = Automatic;
				CURRENT_PROJECT_VERSION = 1;
				GENERATE_INFOPLIST_FILE = YES;
				MARKETING_VERSION = 1.0;
				PRODUCT_BUNDLE_IDENTIFIER = "baesuho.Daangn-SwiftUIUITests";
				PRODUCT_NAME = "$(TARGET_NAME)";
				SWIFT_EMIT_LOC_STRINGS = NO;
				SWIFT_VERSION = 5.0;
				TARGETED_DEVICE_FAMILY = "1,2";
				TEST_TARGET_NAME = Daangn_SwiftUI;
			};
			name = Release;
		};
/* End XCBuildConfiguration section */

/* Begin XCConfigurationList section */
		D4952CA52B0F0B2A002D575F /* Build configuration list for PBXProject "Daangn_SwiftUI" */ = {
			isa = XCConfigurationList;
			buildConfigurations = (
				D4952CCC2B0F0B2C002D575F /* Debug */,
				D4952CCD2B0F0B2C002D575F /* Release */,
			);
			defaultConfigurationIsVisible = 0;
			defaultConfigurationName = Release;
		};
		D4952CCE2B0F0B2C002D575F /* Build configuration list for PBXNativeTarget "Daangn_SwiftUI" */ = {
			isa = XCConfigurationList;
			buildConfigurations = (
				D4952CCF2B0F0B2C002D575F /* Debug */,
				D4952CD02B0F0B2C002D575F /* Release */,
			);
			defaultConfigurationIsVisible = 0;
			defaultConfigurationName = Release;
		};
		D4952CD12B0F0B2C002D575F /* Build configuration list for PBXNativeTarget "Daangn_SwiftUITests" */ = {
			isa = XCConfigurationList;
			buildConfigurations = (
				D4952CD22B0F0B2C002D575F /* Debug */,
				D4952CD32B0F0B2C002D575F /* Release */,
			);
			defaultConfigurationIsVisible = 0;
			defaultConfigurationName = Release;
		};
		D4952CD42B0F0B2C002D575F /* Build configuration list for PBXNativeTarget "Daangn_SwiftUIUITests" */ = {
			isa = XCConfigurationList;
			buildConfigurations = (
				D4952CD52B0F0B2C002D575F /* Debug */,
				D4952CD62B0F0B2C002D575F /* Release */,
			);
			defaultConfigurationIsVisible = 0;
			defaultConfigurationName = Release;
		};
/* End XCConfigurationList section */
	};
	rootObject = D4952CA22B0F0B2A002D575F /* Project object */;
}
