// !$*UTF8*$!
{
	archiveVersion = 1;
	classes = {
	};
	objectVersion = 56;
	objects = {

/* Begin PBXBuildFile section */
		CA231EF52ABD73A600C3F983 /* AppDelegate.swift in Sources */ = {isa = PBXBuildFile; fileRef = CA231EF42ABD73A600C3F983 /* AppDelegate.swift */; };
		CA231EF72ABD73A600C3F983 /* SceneDelegate.swift in Sources */ = {isa = PBXBuildFile; fileRef = CA231EF62ABD73A600C3F983 /* SceneDelegate.swift */; };
		CA231EF92ABD73A600C3F983 /* ViewController.swift in Sources */ = {isa = PBXBuildFile; fileRef = CA231EF82ABD73A600C3F983 /* ViewController.swift */; };
		CA231EFC2ABD73A600C3F983 /* Main.storyboard in Resources */ = {isa = PBXBuildFile; fileRef = CA231EFA2ABD73A600C3F983 /* Main.storyboard */; };
		CA231EFE2ABD73A900C3F983 /* Assets.xcassets in Resources */ = {isa = PBXBuildFile; fileRef = CA231EFD2ABD73A900C3F983 /* Assets.xcassets */; };
		CA231F012ABD73A900C3F983 /* LaunchScreen.storyboard in Resources */ = {isa = PBXBuildFile; fileRef = CA231EFF2ABD73A900C3F983 /* LaunchScreen.storyboard */; };
		CA2D06C62AC0100A0061E64F /* 광고배너.png in Resources */ = {isa = PBXBuildFile; fileRef = CA2D06C52AC0100A0061E64F /* 광고배너.png */; };
		CA2D06C82AC01C090061E64F /* 아이콘 1.png in Resources */ = {isa = PBXBuildFile; fileRef = CA2D06C72AC01C090061E64F /* 아이콘 1.png */; };
		CA2D06CA2AC01CDA0061E64F /* 아이콘 2.png in Resources */ = {isa = PBXBuildFile; fileRef = CA2D06C92AC01CDA0061E64F /* 아이콘 2.png */; };
		CA2D06CC2AC01E750061E64F /* 아이콘 4.png in Resources */ = {isa = PBXBuildFile; fileRef = CA2D06CB2AC01E750061E64F /* 아이콘 4.png */; };
		CA2D06CE2AC01EA20061E64F /* 아이콘5.png in Resources */ = {isa = PBXBuildFile; fileRef = CA2D06CD2AC01EA20061E64F /* 아이콘5.png */; };
		CA2D06D92AC020060061E64F /* 동그라미 7.png in Resources */ = {isa = PBXBuildFile; fileRef = CA2D06CF2AC020050061E64F /* 동그라미 7.png */; };
		CA2D06DA2AC020060061E64F /* 동그라미 3.png in Resources */ = {isa = PBXBuildFile; fileRef = CA2D06D02AC020050061E64F /* 동그라미 3.png */; };
		CA2D06DB2AC020060061E64F /* 동그라미 2.png in Resources */ = {isa = PBXBuildFile; fileRef = CA2D06D12AC020050061E64F /* 동그라미 2.png */; };
		CA2D06DC2AC020060061E64F /* 동그라미 1png.png in Resources */ = {isa = PBXBuildFile; fileRef = CA2D06D22AC020050061E64F /* 동그라미 1png.png */; };
		CA2D06DD2AC020060061E64F /* 동그라미 9.png in Resources */ = {isa = PBXBuildFile; fileRef = CA2D06D32AC020050061E64F /* 동그라미 9.png */; };
		CA2D06DE2AC020060061E64F /* 동그라미 8.png in Resources */ = {isa = PBXBuildFile; fileRef = CA2D06D42AC020050061E64F /* 동그라미 8.png */; };
		CA2D06DF2AC020060061E64F /* 동그라미 6 .png in Resources */ = {isa = PBXBuildFile; fileRef = CA2D06D52AC020050061E64F /* 동그라미 6 .png */; };
		CA2D06E02AC020060061E64F /* 동그라미 5.png in Resources */ = {isa = PBXBuildFile; fileRef = CA2D06D62AC020050061E64F /* 동그라미 5.png */; };
		CA2D06E12AC020060061E64F /* 동그라미 10.png in Resources */ = {isa = PBXBuildFile; fileRef = CA2D06D72AC020050061E64F /* 동그라미 10.png */; };
		CA2D06E22AC020060061E64F /* 동그라미 4.png in Resources */ = {isa = PBXBuildFile; fileRef = CA2D06D82AC020050061E64F /* 동그라미 4.png */; };
		CA2D06E62AC022760061E64F /* 맨 위 아이콘 1.png in Resources */ = {isa = PBXBuildFile; fileRef = CA2D06E32AC022760061E64F /* 맨 위 아이콘 1.png */; };
		CA2D06E72AC022760061E64F /* 맨 위 아이콘 2.png in Resources */ = {isa = PBXBuildFile; fileRef = CA2D06E42AC022760061E64F /* 맨 위 아이콘 2.png */; };
		CA2D06E82AC022760061E64F /* 맨 위 아이콘 3.png in Resources */ = {isa = PBXBuildFile; fileRef = CA2D06E52AC022760061E64F /* 맨 위 아이콘 3.png */; };
/* End PBXBuildFile section */

/* Begin PBXFileReference section */
		CA231EF12ABD73A600C3F983 /* UmcProject.app */ = {isa = PBXFileReference; explicitFileType = wrapper.application; includeInIndex = 0; path = UmcProject.app; sourceTree = BUILT_PRODUCTS_DIR; };
		CA231EF42ABD73A600C3F983 /* AppDelegate.swift */ = {isa = PBXFileReference; lastKnownFileType = sourcecode.swift; path = AppDelegate.swift; sourceTree = "<group>"; };
		CA231EF62ABD73A600C3F983 /* SceneDelegate.swift */ = {isa = PBXFileReference; lastKnownFileType = sourcecode.swift; path = SceneDelegate.swift; sourceTree = "<group>"; };
		CA231EF82ABD73A600C3F983 /* ViewController.swift */ = {isa = PBXFileReference; lastKnownFileType = sourcecode.swift; path = ViewController.swift; sourceTree = "<group>"; };
		CA231EFB2ABD73A600C3F983 /* Base */ = {isa = PBXFileReference; lastKnownFileType = file.storyboard; name = Base; path = Base.lproj/Main.storyboard; sourceTree = "<group>"; };
		CA231EFD2ABD73A900C3F983 /* Assets.xcassets */ = {isa = PBXFileReference; lastKnownFileType = folder.assetcatalog; path = Assets.xcassets; sourceTree = "<group>"; };
		CA231F002ABD73A900C3F983 /* Base */ = {isa = PBXFileReference; lastKnownFileType = file.storyboard; name = Base; path = Base.lproj/LaunchScreen.storyboard; sourceTree = "<group>"; };
		CA231F022ABD73A900C3F983 /* Info.plist */ = {isa = PBXFileReference; lastKnownFileType = text.plist.xml; path = Info.plist; sourceTree = "<group>"; };
		CA2D06C52AC0100A0061E64F /* 광고배너.png */ = {isa = PBXFileReference; lastKnownFileType = image.png; path = "광고배너.png"; sourceTree = "<group>"; };
		CA2D06C72AC01C090061E64F /* 아이콘 1.png */ = {isa = PBXFileReference; lastKnownFileType = image.png; path = "아이콘 1.png"; sourceTree = "<group>"; };
		CA2D06C92AC01CDA0061E64F /* 아이콘 2.png */ = {isa = PBXFileReference; lastKnownFileType = image.png; path = "아이콘 2.png"; sourceTree = "<group>"; };
		CA2D06CB2AC01E750061E64F /* 아이콘 4.png */ = {isa = PBXFileReference; lastKnownFileType = image.png; path = "아이콘 4.png"; sourceTree = "<group>"; };
		CA2D06CD2AC01EA20061E64F /* 아이콘5.png */ = {isa = PBXFileReference; lastKnownFileType = image.png; path = "아이콘5.png"; sourceTree = "<group>"; };
		CA2D06CF2AC020050061E64F /* 동그라미 7.png */ = {isa = PBXFileReference; lastKnownFileType = image.png; path = "동그라미 7.png"; sourceTree = "<group>"; };
		CA2D06D02AC020050061E64F /* 동그라미 3.png */ = {isa = PBXFileReference; lastKnownFileType = image.png; path = "동그라미 3.png"; sourceTree = "<group>"; };
		CA2D06D12AC020050061E64F /* 동그라미 2.png */ = {isa = PBXFileReference; lastKnownFileType = image.png; path = "동그라미 2.png"; sourceTree = "<group>"; };
		CA2D06D22AC020050061E64F /* 동그라미 1png.png */ = {isa = PBXFileReference; lastKnownFileType = image.png; path = "동그라미 1png.png"; sourceTree = "<group>"; };
		CA2D06D32AC020050061E64F /* 동그라미 9.png */ = {isa = PBXFileReference; lastKnownFileType = image.png; path = "동그라미 9.png"; sourceTree = "<group>"; };
		CA2D06D42AC020050061E64F /* 동그라미 8.png */ = {isa = PBXFileReference; lastKnownFileType = image.png; path = "동그라미 8.png"; sourceTree = "<group>"; };
		CA2D06D52AC020050061E64F /* 동그라미 6 .png */ = {isa = PBXFileReference; lastKnownFileType = image.png; path = "동그라미 6 .png"; sourceTree = "<group>"; };
		CA2D06D62AC020050061E64F /* 동그라미 5.png */ = {isa = PBXFileReference; lastKnownFileType = image.png; path = "동그라미 5.png"; sourceTree = "<group>"; };
		CA2D06D72AC020050061E64F /* 동그라미 10.png */ = {isa = PBXFileReference; lastKnownFileType = image.png; path = "동그라미 10.png"; sourceTree = "<group>"; };
		CA2D06D82AC020050061E64F /* 동그라미 4.png */ = {isa = PBXFileReference; lastKnownFileType = image.png; path = "동그라미 4.png"; sourceTree = "<group>"; };
		CA2D06E32AC022760061E64F /* 맨 위 아이콘 1.png */ = {isa = PBXFileReference; lastKnownFileType = image.png; path = "맨 위 아이콘 1.png"; sourceTree = "<group>"; };
		CA2D06E42AC022760061E64F /* 맨 위 아이콘 2.png */ = {isa = PBXFileReference; lastKnownFileType = image.png; path = "맨 위 아이콘 2.png"; sourceTree = "<group>"; };
		CA2D06E52AC022760061E64F /* 맨 위 아이콘 3.png */ = {isa = PBXFileReference; lastKnownFileType = image.png; path = "맨 위 아이콘 3.png"; sourceTree = "<group>"; };
/* End PBXFileReference section */

/* Begin PBXFrameworksBuildPhase section */
		CA231EEE2ABD73A600C3F983 /* Frameworks */ = {
			isa = PBXFrameworksBuildPhase;
			buildActionMask = 2147483647;
			files = (
			);
			runOnlyForDeploymentPostprocessing = 0;
		};
/* End PBXFrameworksBuildPhase section */

/* Begin PBXGroup section */
		CA231EE82ABD73A600C3F983 = {
			isa = PBXGroup;
			children = (
				CA231EF32ABD73A600C3F983 /* UmcProject */,
				CA231EF22ABD73A600C3F983 /* Products */,
			);
			sourceTree = "<group>";
		};
		CA231EF22ABD73A600C3F983 /* Products */ = {
			isa = PBXGroup;
			children = (
				CA231EF12ABD73A600C3F983 /* UmcProject.app */,
			);
			name = Products;
			sourceTree = "<group>";
		};
		CA231EF32ABD73A600C3F983 /* UmcProject */ = {
			isa = PBXGroup;
			children = (
				CA231EF42ABD73A600C3F983 /* AppDelegate.swift */,
				CA231EF62ABD73A600C3F983 /* SceneDelegate.swift */,
				CA231EF82ABD73A600C3F983 /* ViewController.swift */,
				CA231EFA2ABD73A600C3F983 /* Main.storyboard */,
				CA231EFD2ABD73A900C3F983 /* Assets.xcassets */,
				CA231EFF2ABD73A900C3F983 /* LaunchScreen.storyboard */,
				CA2D06C52AC0100A0061E64F /* 광고배너.png */,
				CA2D06C72AC01C090061E64F /* 아이콘 1.png */,
				CA2D06C92AC01CDA0061E64F /* 아이콘 2.png */,
				CA2D06CB2AC01E750061E64F /* 아이콘 4.png */,
				CA2D06CD2AC01EA20061E64F /* 아이콘5.png */,
				CA2D06D22AC020050061E64F /* 동그라미 1png.png */,
				CA2D06D12AC020050061E64F /* 동그라미 2.png */,
				CA2D06D02AC020050061E64F /* 동그라미 3.png */,
				CA2D06D82AC020050061E64F /* 동그라미 4.png */,
				CA2D06D62AC020050061E64F /* 동그라미 5.png */,
				CA2D06D52AC020050061E64F /* 동그라미 6 .png */,
				CA2D06CF2AC020050061E64F /* 동그라미 7.png */,
				CA2D06D42AC020050061E64F /* 동그라미 8.png */,
				CA2D06D32AC020050061E64F /* 동그라미 9.png */,
				CA2D06D72AC020050061E64F /* 동그라미 10.png */,
				CA2D06E32AC022760061E64F /* 맨 위 아이콘 1.png */,
				CA2D06E42AC022760061E64F /* 맨 위 아이콘 2.png */,
				CA2D06E52AC022760061E64F /* 맨 위 아이콘 3.png */,
				CA231F022ABD73A900C3F983 /* Info.plist */,
			);
			path = UmcProject;
			sourceTree = "<group>";
		};
/* End PBXGroup section */

/* Begin PBXNativeTarget section */
		CA231EF02ABD73A600C3F983 /* UmcProject */ = {
			isa = PBXNativeTarget;
			buildConfigurationList = CA231F052ABD73A900C3F983 /* Build configuration list for PBXNativeTarget "UmcProject" */;
			buildPhases = (
				CA231EED2ABD73A600C3F983 /* Sources */,
				CA231EEE2ABD73A600C3F983 /* Frameworks */,
				CA231EEF2ABD73A600C3F983 /* Resources */,
			);
			buildRules = (
			);
			dependencies = (
			);
			name = UmcProject;
			productName = UmcProject;
			productReference = CA231EF12ABD73A600C3F983 /* UmcProject.app */;
			productType = "com.apple.product-type.application";
		};
/* End PBXNativeTarget section */

/* Begin PBXProject section */
		CA231EE92ABD73A600C3F983 /* Project object */ = {
			isa = PBXProject;
			attributes = {
				BuildIndependentTargetsInParallel = 1;
				LastSwiftUpdateCheck = 1430;
				LastUpgradeCheck = 1430;
				TargetAttributes = {
					CA231EF02ABD73A600C3F983 = {
						CreatedOnToolsVersion = 14.3.1;
					};
				};
			};
			buildConfigurationList = CA231EEC2ABD73A600C3F983 /* Build configuration list for PBXProject "UmcProject" */;
			compatibilityVersion = "Xcode 14.0";
			developmentRegion = en;
			hasScannedForEncodings = 0;
			knownRegions = (
				en,
				Base,
			);
			mainGroup = CA231EE82ABD73A600C3F983;
			productRefGroup = CA231EF22ABD73A600C3F983 /* Products */;
			projectDirPath = "";
			projectRoot = "";
			targets = (
				CA231EF02ABD73A600C3F983 /* UmcProject */,
			);
		};
/* End PBXProject section */

/* Begin PBXResourcesBuildPhase section */
		CA231EEF2ABD73A600C3F983 /* Resources */ = {
			isa = PBXResourcesBuildPhase;
			buildActionMask = 2147483647;
			files = (
				CA2D06DE2AC020060061E64F /* 동그라미 8.png in Resources */,
				CA2D06C82AC01C090061E64F /* 아이콘 1.png in Resources */,
				CA2D06E82AC022760061E64F /* 맨 위 아이콘 3.png in Resources */,
				CA2D06E22AC020060061E64F /* 동그라미 4.png in Resources */,
				CA231F012ABD73A900C3F983 /* LaunchScreen.storyboard in Resources */,
				CA2D06E02AC020060061E64F /* 동그라미 5.png in Resources */,
				CA2D06DD2AC020060061E64F /* 동그라미 9.png in Resources */,
				CA2D06D92AC020060061E64F /* 동그라미 7.png in Resources */,
				CA2D06DC2AC020060061E64F /* 동그라미 1png.png in Resources */,
				CA2D06DB2AC020060061E64F /* 동그라미 2.png in Resources */,
				CA2D06E12AC020060061E64F /* 동그라미 10.png in Resources */,
				CA2D06DA2AC020060061E64F /* 동그라미 3.png in Resources */,
				CA2D06E72AC022760061E64F /* 맨 위 아이콘 2.png in Resources */,
				CA2D06CC2AC01E750061E64F /* 아이콘 4.png in Resources */,
				CA2D06CE2AC01EA20061E64F /* 아이콘5.png in Resources */,
				CA231EFE2ABD73A900C3F983 /* Assets.xcassets in Resources */,
				CA231EFC2ABD73A600C3F983 /* Main.storyboard in Resources */,
				CA2D06DF2AC020060061E64F /* 동그라미 6 .png in Resources */,
				CA2D06C62AC0100A0061E64F /* 광고배너.png in Resources */,
				CA2D06CA2AC01CDA0061E64F /* 아이콘 2.png in Resources */,
				CA2D06E62AC022760061E64F /* 맨 위 아이콘 1.png in Resources */,
			);
			runOnlyForDeploymentPostprocessing = 0;
		};
/* End PBXResourcesBuildPhase section */

/* Begin PBXSourcesBuildPhase section */
		CA231EED2ABD73A600C3F983 /* Sources */ = {
			isa = PBXSourcesBuildPhase;
			buildActionMask = 2147483647;
			files = (
				CA231EF92ABD73A600C3F983 /* ViewController.swift in Sources */,
				CA231EF52ABD73A600C3F983 /* AppDelegate.swift in Sources */,
				CA231EF72ABD73A600C3F983 /* SceneDelegate.swift in Sources */,
			);
			runOnlyForDeploymentPostprocessing = 0;
		};
/* End PBXSourcesBuildPhase section */

/* Begin PBXVariantGroup section */
		CA231EFA2ABD73A600C3F983 /* Main.storyboard */ = {
			isa = PBXVariantGroup;
			children = (
				CA231EFB2ABD73A600C3F983 /* Base */,
			);
			name = Main.storyboard;
			sourceTree = "<group>";
		};
		CA231EFF2ABD73A900C3F983 /* LaunchScreen.storyboard */ = {
			isa = PBXVariantGroup;
			children = (
				CA231F002ABD73A900C3F983 /* Base */,
			);
			name = LaunchScreen.storyboard;
			sourceTree = "<group>";
		};
/* End PBXVariantGroup section */

/* Begin XCBuildConfiguration section */
		CA231F032ABD73A900C3F983 /* Debug */ = {
			isa = XCBuildConfiguration;
			buildSettings = {
				ALWAYS_SEARCH_USER_PATHS = NO;
				CLANG_ANALYZER_NONNULL = YES;
				CLANG_ANALYZER_NUMBER_OBJECT_CONVERSION = YES_AGGRESSIVE;
				CLANG_CXX_LANGUAGE_STANDARD = "gnu++20";
				CLANG_ENABLE_MODULES = YES;
				CLANG_ENABLE_OBJC_ARC = YES;
				CLANG_ENABLE_OBJC_WEAK = YES;
				CLANG_WARN_BLOCK_CAPTURE_AUTORELEASING = YES;
				CLANG_WARN_BOOL_CONVERSION = YES;
				CLANG_WARN_COMMA = YES;
				CLANG_WARN_CONSTANT_CONVERSION = YES;
				CLANG_WARN_DEPRECATED_OBJC_IMPLEMENTATIONS = YES;
				CLANG_WARN_DIRECT_OBJC_ISA_USAGE = YES_ERROR;
				CLANG_WARN_DOCUMENTATION_COMMENTS = YES;
				CLANG_WARN_EMPTY_BODY = YES;
				CLANG_WARN_ENUM_CONVERSION = YES;
				CLANG_WARN_INFINITE_RECURSION = YES;
				CLANG_WARN_INT_CONVERSION = YES;
				CLANG_WARN_NON_LITERAL_NULL_CONVERSION = YES;
				CLANG_WARN_OBJC_IMPLICIT_RETAIN_SELF = YES;
				CLANG_WARN_OBJC_LITERAL_CONVERSION = YES;
				CLANG_WARN_OBJC_ROOT_CLASS = YES_ERROR;
				CLANG_WARN_QUOTED_INCLUDE_IN_FRAMEWORK_HEADER = YES;
				CLANG_WARN_RANGE_LOOP_ANALYSIS = YES;
				CLANG_WARN_STRICT_PROTOTYPES = YES;
				CLANG_WARN_SUSPICIOUS_MOVE = YES;
				CLANG_WARN_UNGUARDED_AVAILABILITY = YES_AGGRESSIVE;
				CLANG_WARN_UNREACHABLE_CODE = YES;
				CLANG_WARN__DUPLICATE_METHOD_MATCH = YES;
				COPY_PHASE_STRIP = NO;
				DEBUG_INFORMATION_FORMAT = dwarf;
				ENABLE_STRICT_OBJC_MSGSEND = YES;
				ENABLE_TESTABILITY = YES;
				GCC_C_LANGUAGE_STANDARD = gnu11;
				GCC_DYNAMIC_NO_PIC = NO;
				GCC_NO_COMMON_BLOCKS = YES;
				GCC_OPTIMIZATION_LEVEL = 0;
				GCC_PREPROCESSOR_DEFINITIONS = (
					"DEBUG=1",
					"$(inherited)",
				);
				GCC_WARN_64_TO_32_BIT_CONVERSION = YES;
				GCC_WARN_ABOUT_RETURN_TYPE = YES_ERROR;
				GCC_WARN_UNDECLARED_SELECTOR = YES;
				GCC_WARN_UNINITIALIZED_AUTOS = YES_AGGRESSIVE;
				GCC_WARN_UNUSED_FUNCTION = YES;
				GCC_WARN_UNUSED_VARIABLE = YES;
				IPHONEOS_DEPLOYMENT_TARGET = 16.4;
				MTL_ENABLE_DEBUG_INFO = INCLUDE_SOURCE;
				MTL_FAST_MATH = YES;
				ONLY_ACTIVE_ARCH = YES;
				SDKROOT = iphoneos;
				SWIFT_ACTIVE_COMPILATION_CONDITIONS = DEBUG;
				SWIFT_OPTIMIZATION_LEVEL = "-Onone";
			};
			name = Debug;
		};
		CA231F042ABD73A900C3F983 /* Release */ = {
			isa = XCBuildConfiguration;
			buildSettings = {
				ALWAYS_SEARCH_USER_PATHS = NO;
				CLANG_ANALYZER_NONNULL = YES;
				CLANG_ANALYZER_NUMBER_OBJECT_CONVERSION = YES_AGGRESSIVE;
				CLANG_CXX_LANGUAGE_STANDARD = "gnu++20";
				CLANG_ENABLE_MODULES = YES;
				CLANG_ENABLE_OBJC_ARC = YES;
				CLANG_ENABLE_OBJC_WEAK = YES;
				CLANG_WARN_BLOCK_CAPTURE_AUTORELEASING = YES;
				CLANG_WARN_BOOL_CONVERSION = YES;
				CLANG_WARN_COMMA = YES;
				CLANG_WARN_CONSTANT_CONVERSION = YES;
				CLANG_WARN_DEPRECATED_OBJC_IMPLEMENTATIONS = YES;
				CLANG_WARN_DIRECT_OBJC_ISA_USAGE = YES_ERROR;
				CLANG_WARN_DOCUMENTATION_COMMENTS = YES;
				CLANG_WARN_EMPTY_BODY = YES;
				CLANG_WARN_ENUM_CONVERSION = YES;
				CLANG_WARN_INFINITE_RECURSION = YES;
				CLANG_WARN_INT_CONVERSION = YES;
				CLANG_WARN_NON_LITERAL_NULL_CONVERSION = YES;
				CLANG_WARN_OBJC_IMPLICIT_RETAIN_SELF = YES;
				CLANG_WARN_OBJC_LITERAL_CONVERSION = YES;
				CLANG_WARN_OBJC_ROOT_CLASS = YES_ERROR;
				CLANG_WARN_QUOTED_INCLUDE_IN_FRAMEWORK_HEADER = YES;
				CLANG_WARN_RANGE_LOOP_ANALYSIS = YES;
				CLANG_WARN_STRICT_PROTOTYPES = YES;
				CLANG_WARN_SUSPICIOUS_MOVE = YES;
				CLANG_WARN_UNGUARDED_AVAILABILITY = YES_AGGRESSIVE;
				CLANG_WARN_UNREACHABLE_CODE = YES;
				CLANG_WARN__DUPLICATE_METHOD_MATCH = YES;
				COPY_PHASE_STRIP = NO;
				DEBUG_INFORMATION_FORMAT = "dwarf-with-dsym";
				ENABLE_NS_ASSERTIONS = NO;
				ENABLE_STRICT_OBJC_MSGSEND = YES;
				GCC_C_LANGUAGE_STANDARD = gnu11;
				GCC_NO_COMMON_BLOCKS = YES;
				GCC_WARN_64_TO_32_BIT_CONVERSION = YES;
				GCC_WARN_ABOUT_RETURN_TYPE = YES_ERROR;
				GCC_WARN_UNDECLARED_SELECTOR = YES;
				GCC_WARN_UNINITIALIZED_AUTOS = YES_AGGRESSIVE;
				GCC_WARN_UNUSED_FUNCTION = YES;
				GCC_WARN_UNUSED_VARIABLE = YES;
				IPHONEOS_DEPLOYMENT_TARGET = 16.4;
				MTL_ENABLE_DEBUG_INFO = NO;
				MTL_FAST_MATH = YES;
				SDKROOT = iphoneos;
				SWIFT_COMPILATION_MODE = wholemodule;
				SWIFT_OPTIMIZATION_LEVEL = "-O";
				VALIDATE_PRODUCT = YES;
			};
			name = Release;
		};
		CA231F062ABD73A900C3F983 /* Debug */ = {
			isa = XCBuildConfiguration;
			buildSettings = {
				ASSETCATALOG_COMPILER_APPICON_NAME = AppIcon;
				ASSETCATALOG_COMPILER_GLOBAL_ACCENT_COLOR_NAME = AccentColor;
				CODE_SIGN_STYLE = Automatic;
				CURRENT_PROJECT_VERSION = 1;
				GENERATE_INFOPLIST_FILE = YES;
				INFOPLIST_FILE = UmcProject/Info.plist;
				INFOPLIST_KEY_UIApplicationSupportsIndirectInputEvents = YES;
				INFOPLIST_KEY_UILaunchStoryboardName = LaunchScreen;
				INFOPLIST_KEY_UIMainStoryboardFile = Main;
				INFOPLIST_KEY_UISupportedInterfaceOrientations_iPad = "UIInterfaceOrientationPortrait UIInterfaceOrientationPortraitUpsideDown UIInterfaceOrientationLandscapeLeft UIInterfaceOrientationLandscapeRight";
				INFOPLIST_KEY_UISupportedInterfaceOrientations_iPhone = "UIInterfaceOrientationPortrait UIInterfaceOrientationLandscapeLeft UIInterfaceOrientationLandscapeRight";
				LD_RUNPATH_SEARCH_PATHS = (
					"$(inherited)",
					"@executable_path/Frameworks",
				);
				MARKETING_VERSION = 1.0;
				PRODUCT_BUNDLE_IDENTIFIER = yuna.UmcProject;
				PRODUCT_NAME = "$(TARGET_NAME)";
				SWIFT_EMIT_LOC_STRINGS = YES;
				SWIFT_VERSION = 5.0;
				TARGETED_DEVICE_FAMILY = "1,2";
			};
			name = Debug;
		};
		CA231F072ABD73A900C3F983 /* Release */ = {
			isa = XCBuildConfiguration;
			buildSettings = {
				ASSETCATALOG_COMPILER_APPICON_NAME = AppIcon;
				ASSETCATALOG_COMPILER_GLOBAL_ACCENT_COLOR_NAME = AccentColor;
				CODE_SIGN_STYLE = Automatic;
				CURRENT_PROJECT_VERSION = 1;
				GENERATE_INFOPLIST_FILE = YES;
				INFOPLIST_FILE = UmcProject/Info.plist;
				INFOPLIST_KEY_UIApplicationSupportsIndirectInputEvents = YES;
				INFOPLIST_KEY_UILaunchStoryboardName = LaunchScreen;
				INFOPLIST_KEY_UIMainStoryboardFile = Main;
				INFOPLIST_KEY_UISupportedInterfaceOrientations_iPad = "UIInterfaceOrientationPortrait UIInterfaceOrientationPortraitUpsideDown UIInterfaceOrientationLandscapeLeft UIInterfaceOrientationLandscapeRight";
				INFOPLIST_KEY_UISupportedInterfaceOrientations_iPhone = "UIInterfaceOrientationPortrait UIInterfaceOrientationLandscapeLeft UIInterfaceOrientationLandscapeRight";
				LD_RUNPATH_SEARCH_PATHS = (
					"$(inherited)",
					"@executable_path/Frameworks",
				);
				MARKETING_VERSION = 1.0;
				PRODUCT_BUNDLE_IDENTIFIER = yuna.UmcProject;
				PRODUCT_NAME = "$(TARGET_NAME)";
				SWIFT_EMIT_LOC_STRINGS = YES;
				SWIFT_VERSION = 5.0;
				TARGETED_DEVICE_FAMILY = "1,2";
			};
			name = Release;
		};
/* End XCBuildConfiguration section */

/* Begin XCConfigurationList section */
		CA231EEC2ABD73A600C3F983 /* Build configuration list for PBXProject "UmcProject" */ = {
			isa = XCConfigurationList;
			buildConfigurations = (
				CA231F032ABD73A900C3F983 /* Debug */,
				CA231F042ABD73A900C3F983 /* Release */,
			);
			defaultConfigurationIsVisible = 0;
			defaultConfigurationName = Release;
		};
		CA231F052ABD73A900C3F983 /* Build configuration list for PBXNativeTarget "UmcProject" */ = {
			isa = XCConfigurationList;
			buildConfigurations = (
				CA231F062ABD73A900C3F983 /* Debug */,
				CA231F072ABD73A900C3F983 /* Release */,
			);
			defaultConfigurationIsVisible = 0;
			defaultConfigurationName = Release;
		};
/* End XCConfigurationList section */
	};
	rootObject = CA231EE92ABD73A600C3F983 /* Project object */;
}
