// !$*UTF8*$!
{
	archiveVersion = 1;
	classes = {
	};
	objectVersion = 56;
	objects = {

/* Begin PBXBuildFile section */
		D4DF43C62AD43BCC0014EA55 /* AppDelegate.swift in Sources */ = {isa = PBXBuildFile; fileRef = D4DF43C52AD43BCC0014EA55 /* AppDelegate.swift */; };
		D4DF43C82AD43BCC0014EA55 /* SceneDelegate.swift in Sources */ = {isa = PBXBuildFile; fileRef = D4DF43C72AD43BCC0014EA55 /* SceneDelegate.swift */; };
		D4DF43CA2AD43BCC0014EA55 /* ViewController.swift in Sources */ = {isa = PBXBuildFile; fileRef = D4DF43C92AD43BCC0014EA55 /* ViewController.swift */; };
		D4DF43CF2AD43BCD0014EA55 /* Assets.xcassets in Resources */ = {isa = PBXBuildFile; fileRef = D4DF43CE2AD43BCD0014EA55 /* Assets.xcassets */; };
		D4DF43D22AD43BCD0014EA55 /* LaunchScreen.storyboard in Resources */ = {isa = PBXBuildFile; fileRef = D4DF43D02AD43BCD0014EA55 /* LaunchScreen.storyboard */; };
		D4DF43DD2AD43BCD0014EA55 /* BaeMin_TransitionTests.swift in Sources */ = {isa = PBXBuildFile; fileRef = D4DF43DC2AD43BCD0014EA55 /* BaeMin_TransitionTests.swift */; };
		D4DF43E72AD43BCD0014EA55 /* BaeMin_TransitionUITests.swift in Sources */ = {isa = PBXBuildFile; fileRef = D4DF43E62AD43BCD0014EA55 /* BaeMin_TransitionUITests.swift */; };
		D4DF43E92AD43BCD0014EA55 /* BaeMin_TransitionUITestsLaunchTests.swift in Sources */ = {isa = PBXBuildFile; fileRef = D4DF43E82AD43BCD0014EA55 /* BaeMin_TransitionUITestsLaunchTests.swift */; };
/* End PBXBuildFile section */

/* Begin PBXContainerItemProxy section */
		D4DF43D92AD43BCD0014EA55 /* PBXContainerItemProxy */ = {
			isa = PBXContainerItemProxy;
			containerPortal = D4DF43BA2AD43BCC0014EA55 /* Project object */;
			proxyType = 1;
			remoteGlobalIDString = D4DF43C12AD43BCC0014EA55;
			remoteInfo = BaeMin_Transition;
		};
		D4DF43E32AD43BCD0014EA55 /* PBXContainerItemProxy */ = {
			isa = PBXContainerItemProxy;
			containerPortal = D4DF43BA2AD43BCC0014EA55 /* Project object */;
			proxyType = 1;
			remoteGlobalIDString = D4DF43C12AD43BCC0014EA55;
			remoteInfo = BaeMin_Transition;
		};
/* End PBXContainerItemProxy section */

/* Begin PBXFileReference section */
		D4DF43C22AD43BCC0014EA55 /* BaeMin_Transition.app */ = {isa = PBXFileReference; explicitFileType = wrapper.application; includeInIndex = 0; path = BaeMin_Transition.app; sourceTree = BUILT_PRODUCTS_DIR; };
		D4DF43C52AD43BCC0014EA55 /* AppDelegate.swift */ = {isa = PBXFileReference; lastKnownFileType = sourcecode.swift; path = AppDelegate.swift; sourceTree = "<group>"; };
		D4DF43C72AD43BCC0014EA55 /* SceneDelegate.swift */ = {isa = PBXFileReference; lastKnownFileType = sourcecode.swift; path = SceneDelegate.swift; sourceTree = "<group>"; };
		D4DF43C92AD43BCC0014EA55 /* ViewController.swift */ = {isa = PBXFileReference; lastKnownFileType = sourcecode.swift; path = ViewController.swift; sourceTree = "<group>"; };
		D4DF43CE2AD43BCD0014EA55 /* Assets.xcassets */ = {isa = PBXFileReference; lastKnownFileType = folder.assetcatalog; path = Assets.xcassets; sourceTree = "<group>"; };
		D4DF43D12AD43BCD0014EA55 /* Base */ = {isa = PBXFileReference; lastKnownFileType = file.storyboard; name = Base; path = Base.lproj/LaunchScreen.storyboard; sourceTree = "<group>"; };
		D4DF43D32AD43BCD0014EA55 /* Info.plist */ = {isa = PBXFileReference; lastKnownFileType = text.plist.xml; path = Info.plist; sourceTree = "<group>"; };
		D4DF43D82AD43BCD0014EA55 /* BaeMin_TransitionTests.xctest */ = {isa = PBXFileReference; explicitFileType = wrapper.cfbundle; includeInIndex = 0; path = BaeMin_TransitionTests.xctest; sourceTree = BUILT_PRODUCTS_DIR; };
		D4DF43DC2AD43BCD0014EA55 /* BaeMin_TransitionTests.swift */ = {isa = PBXFileReference; lastKnownFileType = sourcecode.swift; path = BaeMin_TransitionTests.swift; sourceTree = "<group>"; };
		D4DF43E22AD43BCD0014EA55 /* BaeMin_TransitionUITests.xctest */ = {isa = PBXFileReference; explicitFileType = wrapper.cfbundle; includeInIndex = 0; path = BaeMin_TransitionUITests.xctest; sourceTree = BUILT_PRODUCTS_DIR; };
		D4DF43E62AD43BCD0014EA55 /* BaeMin_TransitionUITests.swift */ = {isa = PBXFileReference; lastKnownFileType = sourcecode.swift; path = BaeMin_TransitionUITests.swift; sourceTree = "<group>"; };
		D4DF43E82AD43BCD0014EA55 /* BaeMin_TransitionUITestsLaunchTests.swift */ = {isa = PBXFileReference; lastKnownFileType = sourcecode.swift; path = BaeMin_TransitionUITestsLaunchTests.swift; sourceTree = "<group>"; };
/* End PBXFileReference section */

/* Begin PBXFrameworksBuildPhase section */
		D4DF43BF2AD43BCC0014EA55 /* Frameworks */ = {
			isa = PBXFrameworksBuildPhase;
			buildActionMask = 2147483647;
			files = (
			);
			runOnlyForDeploymentPostprocessing = 0;
		};
		D4DF43D52AD43BCD0014EA55 /* Frameworks */ = {
			isa = PBXFrameworksBuildPhase;
			buildActionMask = 2147483647;
			files = (
			);
			runOnlyForDeploymentPostprocessing = 0;
		};
		D4DF43DF2AD43BCD0014EA55 /* Frameworks */ = {
			isa = PBXFrameworksBuildPhase;
			buildActionMask = 2147483647;
			files = (
			);
			runOnlyForDeploymentPostprocessing = 0;
		};
/* End PBXFrameworksBuildPhase section */

/* Begin PBXGroup section */
		D4DF43B92AD43BCC0014EA55 = {
			isa = PBXGroup;
			children = (
				D4DF43C42AD43BCC0014EA55 /* BaeMin_Transition */,
				D4DF43DB2AD43BCD0014EA55 /* BaeMin_TransitionTests */,
				D4DF43E52AD43BCD0014EA55 /* BaeMin_TransitionUITests */,
				D4DF43C32AD43BCC0014EA55 /* Products */,
			);
			sourceTree = "<group>";
		};
		D4DF43C32AD43BCC0014EA55 /* Products */ = {
			isa = PBXGroup;
			children = (
				D4DF43C22AD43BCC0014EA55 /* BaeMin_Transition.app */,
				D4DF43D82AD43BCD0014EA55 /* BaeMin_TransitionTests.xctest */,
				D4DF43E22AD43BCD0014EA55 /* BaeMin_TransitionUITests.xctest */,
			);
			name = Products;
			sourceTree = "<group>";
		};
		D4DF43C42AD43BCC0014EA55 /* BaeMin_Transition */ = {
			isa = PBXGroup;
			children = (
				D4DF43C52AD43BCC0014EA55 /* AppDelegate.swift */,
				D4DF43C72AD43BCC0014EA55 /* SceneDelegate.swift */,
				D4DF43C92AD43BCC0014EA55 /* ViewController.swift */,
				D4DF43CE2AD43BCD0014EA55 /* Assets.xcassets */,
				D4DF43D02AD43BCD0014EA55 /* LaunchScreen.storyboard */,
				D4DF43D32AD43BCD0014EA55 /* Info.plist */,
			);
			path = BaeMin_Transition;
			sourceTree = "<group>";
		};
		D4DF43DB2AD43BCD0014EA55 /* BaeMin_TransitionTests */ = {
			isa = PBXGroup;
			children = (
				D4DF43DC2AD43BCD0014EA55 /* BaeMin_TransitionTests.swift */,
			);
			path = BaeMin_TransitionTests;
			sourceTree = "<group>";
		};
		D4DF43E52AD43BCD0014EA55 /* BaeMin_TransitionUITests */ = {
			isa = PBXGroup;
			children = (
				D4DF43E62AD43BCD0014EA55 /* BaeMin_TransitionUITests.swift */,
				D4DF43E82AD43BCD0014EA55 /* BaeMin_TransitionUITestsLaunchTests.swift */,
			);
			path = BaeMin_TransitionUITests;
			sourceTree = "<group>";
		};
/* End PBXGroup section */

/* Begin PBXNativeTarget section */
		D4DF43C12AD43BCC0014EA55 /* BaeMin_Transition */ = {
			isa = PBXNativeTarget;
			buildConfigurationList = D4DF43EC2AD43BCD0014EA55 /* Build configuration list for PBXNativeTarget "BaeMin_Transition" */;
			buildPhases = (
				D4DF43BE2AD43BCC0014EA55 /* Sources */,
				D4DF43BF2AD43BCC0014EA55 /* Frameworks */,
				D4DF43C02AD43BCC0014EA55 /* Resources */,
			);
			buildRules = (
			);
			dependencies = (
			);
			name = BaeMin_Transition;
			productName = BaeMin_Transition;
			productReference = D4DF43C22AD43BCC0014EA55 /* BaeMin_Transition.app */;
			productType = "com.apple.product-type.application";
		};
		D4DF43D72AD43BCD0014EA55 /* BaeMin_TransitionTests */ = {
			isa = PBXNativeTarget;
			buildConfigurationList = D4DF43EF2AD43BCD0014EA55 /* Build configuration list for PBXNativeTarget "BaeMin_TransitionTests" */;
			buildPhases = (
				D4DF43D42AD43BCD0014EA55 /* Sources */,
				D4DF43D52AD43BCD0014EA55 /* Frameworks */,
				D4DF43D62AD43BCD0014EA55 /* Resources */,
			);
			buildRules = (
			);
			dependencies = (
				D4DF43DA2AD43BCD0014EA55 /* PBXTargetDependency */,
			);
			name = BaeMin_TransitionTests;
			productName = BaeMin_TransitionTests;
			productReference = D4DF43D82AD43BCD0014EA55 /* BaeMin_TransitionTests.xctest */;
			productType = "com.apple.product-type.bundle.unit-test";
		};
		D4DF43E12AD43BCD0014EA55 /* BaeMin_TransitionUITests */ = {
			isa = PBXNativeTarget;
			buildConfigurationList = D4DF43F22AD43BCD0014EA55 /* Build configuration list for PBXNativeTarget "BaeMin_TransitionUITests" */;
			buildPhases = (
				D4DF43DE2AD43BCD0014EA55 /* Sources */,
				D4DF43DF2AD43BCD0014EA55 /* Frameworks */,
				D4DF43E02AD43BCD0014EA55 /* Resources */,
			);
			buildRules = (
			);
			dependencies = (
				D4DF43E42AD43BCD0014EA55 /* PBXTargetDependency */,
			);
			name = BaeMin_TransitionUITests;
			productName = BaeMin_TransitionUITests;
			productReference = D4DF43E22AD43BCD0014EA55 /* BaeMin_TransitionUITests.xctest */;
			productType = "com.apple.product-type.bundle.ui-testing";
		};
/* End PBXNativeTarget section */

/* Begin PBXProject section */
		D4DF43BA2AD43BCC0014EA55 /* Project object */ = {
			isa = PBXProject;
			attributes = {
				BuildIndependentTargetsInParallel = 1;
				LastSwiftUpdateCheck = 1500;
				LastUpgradeCheck = 1500;
				TargetAttributes = {
					D4DF43C12AD43BCC0014EA55 = {
						CreatedOnToolsVersion = 15.0;
					};
					D4DF43D72AD43BCD0014EA55 = {
						CreatedOnToolsVersion = 15.0;
						TestTargetID = D4DF43C12AD43BCC0014EA55;
					};
					D4DF43E12AD43BCD0014EA55 = {
						CreatedOnToolsVersion = 15.0;
						TestTargetID = D4DF43C12AD43BCC0014EA55;
					};
				};
			};
			buildConfigurationList = D4DF43BD2AD43BCC0014EA55 /* Build configuration list for PBXProject "BaeMin_Transition" */;
			compatibilityVersion = "Xcode 14.0";
			developmentRegion = en;
			hasScannedForEncodings = 0;
			knownRegions = (
				en,
				Base,
			);
			mainGroup = D4DF43B92AD43BCC0014EA55;
			productRefGroup = D4DF43C32AD43BCC0014EA55 /* Products */;
			projectDirPath = "";
			projectRoot = "";
			targets = (
				D4DF43C12AD43BCC0014EA55 /* BaeMin_Transition */,
				D4DF43D72AD43BCD0014EA55 /* BaeMin_TransitionTests */,
				D4DF43E12AD43BCD0014EA55 /* BaeMin_TransitionUITests */,
			);
		};
/* End PBXProject section */

/* Begin PBXResourcesBuildPhase section */
		D4DF43C02AD43BCC0014EA55 /* Resources */ = {
			isa = PBXResourcesBuildPhase;
			buildActionMask = 2147483647;
			files = (
				D4DF43D22AD43BCD0014EA55 /* LaunchScreen.storyboard in Resources */,
				D4DF43CF2AD43BCD0014EA55 /* Assets.xcassets in Resources */,
			);
			runOnlyForDeploymentPostprocessing = 0;
		};
		D4DF43D62AD43BCD0014EA55 /* Resources */ = {
			isa = PBXResourcesBuildPhase;
			buildActionMask = 2147483647;
			files = (
			);
			runOnlyForDeploymentPostprocessing = 0;
		};
		D4DF43E02AD43BCD0014EA55 /* Resources */ = {
			isa = PBXResourcesBuildPhase;
			buildActionMask = 2147483647;
			files = (
			);
			runOnlyForDeploymentPostprocessing = 0;
		};
/* End PBXResourcesBuildPhase section */

/* Begin PBXSourcesBuildPhase section */
		D4DF43BE2AD43BCC0014EA55 /* Sources */ = {
			isa = PBXSourcesBuildPhase;
			buildActionMask = 2147483647;
			files = (
				D4DF43CA2AD43BCC0014EA55 /* ViewController.swift in Sources */,
				D4DF43C62AD43BCC0014EA55 /* AppDelegate.swift in Sources */,
				D4DF43C82AD43BCC0014EA55 /* SceneDelegate.swift in Sources */,
			);
			runOnlyForDeploymentPostprocessing = 0;
		};
		D4DF43D42AD43BCD0014EA55 /* Sources */ = {
			isa = PBXSourcesBuildPhase;
			buildActionMask = 2147483647;
			files = (
				D4DF43DD2AD43BCD0014EA55 /* BaeMin_TransitionTests.swift in Sources */,
			);
			runOnlyForDeploymentPostprocessing = 0;
		};
		D4DF43DE2AD43BCD0014EA55 /* Sources */ = {
			isa = PBXSourcesBuildPhase;
			buildActionMask = 2147483647;
			files = (
				D4DF43E72AD43BCD0014EA55 /* BaeMin_TransitionUITests.swift in Sources */,
				D4DF43E92AD43BCD0014EA55 /* BaeMin_TransitionUITestsLaunchTests.swift in Sources */,
			);
			runOnlyForDeploymentPostprocessing = 0;
		};
/* End PBXSourcesBuildPhase section */

/* Begin PBXTargetDependency section */
		D4DF43DA2AD43BCD0014EA55 /* PBXTargetDependency */ = {
			isa = PBXTargetDependency;
			target = D4DF43C12AD43BCC0014EA55 /* BaeMin_Transition */;
			targetProxy = D4DF43D92AD43BCD0014EA55 /* PBXContainerItemProxy */;
		};
		D4DF43E42AD43BCD0014EA55 /* PBXTargetDependency */ = {
			isa = PBXTargetDependency;
			target = D4DF43C12AD43BCC0014EA55 /* BaeMin_Transition */;
			targetProxy = D4DF43E32AD43BCD0014EA55 /* PBXContainerItemProxy */;
		};
/* End PBXTargetDependency section */

/* Begin PBXVariantGroup section */
		D4DF43D02AD43BCD0014EA55 /* LaunchScreen.storyboard */ = {
			isa = PBXVariantGroup;
			children = (
				D4DF43D12AD43BCD0014EA55 /* Base */,
			);
			name = LaunchScreen.storyboard;
			sourceTree = "<group>";
		};
/* End PBXVariantGroup section */

/* Begin XCBuildConfiguration section */
		D4DF43EA2AD43BCD0014EA55 /* Debug */ = {
			isa = XCBuildConfiguration;
			buildSettings = {
				ALWAYS_SEARCH_USER_PATHS = NO;
				ASSETCATALOG_COMPILER_GENERATE_SWIFT_ASSET_SYMBOL_EXTENSIONS = YES;
				CLANG_ANALYZER_NONNULL = YES;
				CLANG_ANALYZER_NUMBER_OBJECT_CONVERSION = YES_AGGRESSIVE;
				CLANG_CXX_LANGUAGE_STANDARD = "gnu++20";
				CLANG_ENABLE_MODULES = YES;
				CLANG_ENABLE_OBJC_ARC = YES;
				CLANG_ENABLE_OBJC_WEAK = YES;
				CLANG_WARN_BLOCK_CAPTURE_AUTORELEASING = YES;
				CLANG_WARN_BOOL_CONVERSION = YES;
				CLANG_WARN_COMMA = YES;
				CLANG_WARN_CONSTANT_CONVERSION = YES;
				CLANG_WARN_DEPRECATED_OBJC_IMPLEMENTATIONS = YES;
				CLANG_WARN_DIRECT_OBJC_ISA_USAGE = YES_ERROR;
				CLANG_WARN_DOCUMENTATION_COMMENTS = YES;
				CLANG_WARN_EMPTY_BODY = YES;
				CLANG_WARN_ENUM_CONVERSION = YES;
				CLANG_WARN_INFINITE_RECURSION = YES;
				CLANG_WARN_INT_CONVERSION = YES;
				CLANG_WARN_NON_LITERAL_NULL_CONVERSION = YES;
				CLANG_WARN_OBJC_IMPLICIT_RETAIN_SELF = YES;
				CLANG_WARN_OBJC_LITERAL_CONVERSION = YES;
				CLANG_WARN_OBJC_ROOT_CLASS = YES_ERROR;
				CLANG_WARN_QUOTED_INCLUDE_IN_FRAMEWORK_HEADER = YES;
				CLANG_WARN_RANGE_LOOP_ANALYSIS = YES;
				CLANG_WARN_STRICT_PROTOTYPES = YES;
				CLANG_WARN_SUSPICIOUS_MOVE = YES;
				CLANG_WARN_UNGUARDED_AVAILABILITY = YES_AGGRESSIVE;
				CLANG_WARN_UNREACHABLE_CODE = YES;
				CLANG_WARN__DUPLICATE_METHOD_MATCH = YES;
				COPY_PHASE_STRIP = NO;
				DEBUG_INFORMATION_FORMAT = dwarf;
				ENABLE_STRICT_OBJC_MSGSEND = YES;
				ENABLE_TESTABILITY = YES;
				ENABLE_USER_SCRIPT_SANDBOXING = YES;
				GCC_C_LANGUAGE_STANDARD = gnu17;
				GCC_DYNAMIC_NO_PIC = NO;
				GCC_NO_COMMON_BLOCKS = YES;
				GCC_OPTIMIZATION_LEVEL = 0;
				GCC_PREPROCESSOR_DEFINITIONS = (
					"DEBUG=1",
					"$(inherited)",
				);
				GCC_WARN_64_TO_32_BIT_CONVERSION = YES;
				GCC_WARN_ABOUT_RETURN_TYPE = YES_ERROR;
				GCC_WARN_UNDECLARED_SELECTOR = YES;
				GCC_WARN_UNINITIALIZED_AUTOS = YES_AGGRESSIVE;
				GCC_WARN_UNUSED_FUNCTION = YES;
				GCC_WARN_UNUSED_VARIABLE = YES;
				IPHONEOS_DEPLOYMENT_TARGET = 17.0;
				LOCALIZATION_PREFERS_STRING_CATALOGS = YES;
				MTL_ENABLE_DEBUG_INFO = INCLUDE_SOURCE;
				MTL_FAST_MATH = YES;
				ONLY_ACTIVE_ARCH = YES;
				SDKROOT = iphoneos;
				SWIFT_ACTIVE_COMPILATION_CONDITIONS = "DEBUG $(inherited)";
				SWIFT_OPTIMIZATION_LEVEL = "-Onone";
			};
			name = Debug;
		};
		D4DF43EB2AD43BCD0014EA55 /* Release */ = {
			isa = XCBuildConfiguration;
			buildSettings = {
				ALWAYS_SEARCH_USER_PATHS = NO;
				ASSETCATALOG_COMPILER_GENERATE_SWIFT_ASSET_SYMBOL_EXTENSIONS = YES;
				CLANG_ANALYZER_NONNULL = YES;
				CLANG_ANALYZER_NUMBER_OBJECT_CONVERSION = YES_AGGRESSIVE;
				CLANG_CXX_LANGUAGE_STANDARD = "gnu++20";
				CLANG_ENABLE_MODULES = YES;
				CLANG_ENABLE_OBJC_ARC = YES;
				CLANG_ENABLE_OBJC_WEAK = YES;
				CLANG_WARN_BLOCK_CAPTURE_AUTORELEASING = YES;
				CLANG_WARN_BOOL_CONVERSION = YES;
				CLANG_WARN_COMMA = YES;
				CLANG_WARN_CONSTANT_CONVERSION = YES;
				CLANG_WARN_DEPRECATED_OBJC_IMPLEMENTATIONS = YES;
				CLANG_WARN_DIRECT_OBJC_ISA_USAGE = YES_ERROR;
				CLANG_WARN_DOCUMENTATION_COMMENTS = YES;
				CLANG_WARN_EMPTY_BODY = YES;
				CLANG_WARN_ENUM_CONVERSION = YES;
				CLANG_WARN_INFINITE_RECURSION = YES;
				CLANG_WARN_INT_CONVERSION = YES;
				CLANG_WARN_NON_LITERAL_NULL_CONVERSION = YES;
				CLANG_WARN_OBJC_IMPLICIT_RETAIN_SELF = YES;
				CLANG_WARN_OBJC_LITERAL_CONVERSION = YES;
				CLANG_WARN_OBJC_ROOT_CLASS = YES_ERROR;
				CLANG_WARN_QUOTED_INCLUDE_IN_FRAMEWORK_HEADER = YES;
				CLANG_WARN_RANGE_LOOP_ANALYSIS = YES;
				CLANG_WARN_STRICT_PROTOTYPES = YES;
				CLANG_WARN_SUSPICIOUS_MOVE = YES;
				CLANG_WARN_UNGUARDED_AVAILABILITY = YES_AGGRESSIVE;
				CLANG_WARN_UNREACHABLE_CODE = YES;
				CLANG_WARN__DUPLICATE_METHOD_MATCH = YES;
				COPY_PHASE_STRIP = NO;
				DEBUG_INFORMATION_FORMAT = "dwarf-with-dsym";
				ENABLE_NS_ASSERTIONS = NO;
				ENABLE_STRICT_OBJC_MSGSEND = YES;
				ENABLE_USER_SCRIPT_SANDBOXING = YES;
				GCC_C_LANGUAGE_STANDARD = gnu17;
				GCC_NO_COMMON_BLOCKS = YES;
				GCC_WARN_64_TO_32_BIT_CONVERSION = YES;
				GCC_WARN_ABOUT_RETURN_TYPE = YES_ERROR;
				GCC_WARN_UNDECLARED_SELECTOR = YES;
				GCC_WARN_UNINITIALIZED_AUTOS = YES_AGGRESSIVE;
				GCC_WARN_UNUSED_FUNCTION = YES;
				GCC_WARN_UNUSED_VARIABLE = YES;
				IPHONEOS_DEPLOYMENT_TARGET = 17.0;
				LOCALIZATION_PREFERS_STRING_CATALOGS = YES;
				MTL_ENABLE_DEBUG_INFO = NO;
				MTL_FAST_MATH = YES;
				SDKROOT = iphoneos;
				SWIFT_COMPILATION_MODE = wholemodule;
				VALIDATE_PRODUCT = YES;
			};
			name = Release;
		};
		D4DF43ED2AD43BCD0014EA55 /* Debug */ = {
			isa = XCBuildConfiguration;
			buildSettings = {
				ASSETCATALOG_COMPILER_APPICON_NAME = AppIcon;
				ASSETCATALOG_COMPILER_GLOBAL_ACCENT_COLOR_NAME = AccentColor;
				CODE_SIGN_STYLE = Automatic;
				CURRENT_PROJECT_VERSION = 1;
				GENERATE_INFOPLIST_FILE = YES;
				INFOPLIST_FILE = BaeMin_Transition/Info.plist;
				INFOPLIST_KEY_UIApplicationSupportsIndirectInputEvents = YES;
				INFOPLIST_KEY_UILaunchStoryboardName = LaunchScreen;
				INFOPLIST_KEY_UIMainStoryboardFile = "";
				INFOPLIST_KEY_UISupportedInterfaceOrientations_iPad = "UIInterfaceOrientationPortrait UIInterfaceOrientationPortraitUpsideDown UIInterfaceOrientationLandscapeLeft UIInterfaceOrientationLandscapeRight";
				INFOPLIST_KEY_UISupportedInterfaceOrientations_iPhone = "UIInterfaceOrientationPortrait UIInterfaceOrientationLandscapeLeft UIInterfaceOrientationLandscapeRight";
				LD_RUNPATH_SEARCH_PATHS = (
					"$(inherited)",
					"@executable_path/Frameworks",
				);
				MARKETING_VERSION = 1.0;
				PRODUCT_BUNDLE_IDENTIFIER = "baesuho.BaeMin-Transition";
				PRODUCT_NAME = "$(TARGET_NAME)";
				SWIFT_EMIT_LOC_STRINGS = YES;
				SWIFT_VERSION = 5.0;
				TARGETED_DEVICE_FAMILY = "1,2";
			};
			name = Debug;
		};
		D4DF43EE2AD43BCD0014EA55 /* Release */ = {
			isa = XCBuildConfiguration;
			buildSettings = {
				ASSETCATALOG_COMPILER_APPICON_NAME = AppIcon;
				ASSETCATALOG_COMPILER_GLOBAL_ACCENT_COLOR_NAME = AccentColor;
				CODE_SIGN_STYLE = Automatic;
				CURRENT_PROJECT_VERSION = 1;
				GENERATE_INFOPLIST_FILE = YES;
				INFOPLIST_FILE = BaeMin_Transition/Info.plist;
				INFOPLIST_KEY_UIApplicationSupportsIndirectInputEvents = YES;
				INFOPLIST_KEY_UILaunchStoryboardName = LaunchScreen;
				INFOPLIST_KEY_UIMainStoryboardFile = "";
				INFOPLIST_KEY_UISupportedInterfaceOrientations_iPad = "UIInterfaceOrientationPortrait UIInterfaceOrientationPortraitUpsideDown UIInterfaceOrientationLandscapeLeft UIInterfaceOrientationLandscapeRight";
				INFOPLIST_KEY_UISupportedInterfaceOrientations_iPhone = "UIInterfaceOrientationPortrait UIInterfaceOrientationLandscapeLeft UIInterfaceOrientationLandscapeRight";
				LD_RUNPATH_SEARCH_PATHS = (
					"$(inherited)",
					"@executable_path/Frameworks",
				);
				MARKETING_VERSION = 1.0;
				PRODUCT_BUNDLE_IDENTIFIER = "baesuho.BaeMin-Transition";
				PRODUCT_NAME = "$(TARGET_NAME)";
				SWIFT_EMIT_LOC_STRINGS = YES;
				SWIFT_VERSION = 5.0;
				TARGETED_DEVICE_FAMILY = "1,2";
			};
			name = Release;
		};
		D4DF43F02AD43BCD0014EA55 /* Debug */ = {
			isa = XCBuildConfiguration;
			buildSettings = {
				ALWAYS_EMBED_SWIFT_STANDARD_LIBRARIES = YES;
				BUNDLE_LOADER = "$(TEST_HOST)";
				CODE_SIGN_STYLE = Automatic;
				CURRENT_PROJECT_VERSION = 1;
				GENERATE_INFOPLIST_FILE = YES;
				IPHONEOS_DEPLOYMENT_TARGET = 17.0;
				MARKETING_VERSION = 1.0;
				PRODUCT_BUNDLE_IDENTIFIER = "baesuho.BaeMin-TransitionTests";
				PRODUCT_NAME = "$(TARGET_NAME)";
				SWIFT_EMIT_LOC_STRINGS = NO;
				SWIFT_VERSION = 5.0;
				TARGETED_DEVICE_FAMILY = "1,2";
				TEST_HOST = "$(BUILT_PRODUCTS_DIR)/BaeMin_Transition.app/$(BUNDLE_EXECUTABLE_FOLDER_PATH)/BaeMin_Transition";
			};
			name = Debug;
		};
		D4DF43F12AD43BCD0014EA55 /* Release */ = {
			isa = XCBuildConfiguration;
			buildSettings = {
				ALWAYS_EMBED_SWIFT_STANDARD_LIBRARIES = YES;
				BUNDLE_LOADER = "$(TEST_HOST)";
				CODE_SIGN_STYLE = Automatic;
				CURRENT_PROJECT_VERSION = 1;
				GENERATE_INFOPLIST_FILE = YES;
				IPHONEOS_DEPLOYMENT_TARGET = 17.0;
				MARKETING_VERSION = 1.0;
				PRODUCT_BUNDLE_IDENTIFIER = "baesuho.BaeMin-TransitionTests";
				PRODUCT_NAME = "$(TARGET_NAME)";
				SWIFT_EMIT_LOC_STRINGS = NO;
				SWIFT_VERSION = 5.0;
				TARGETED_DEVICE_FAMILY = "1,2";
				TEST_HOST = "$(BUILT_PRODUCTS_DIR)/BaeMin_Transition.app/$(BUNDLE_EXECUTABLE_FOLDER_PATH)/BaeMin_Transition";
			};
			name = Release;
		};
		D4DF43F32AD43BCD0014EA55 /* Debug */ = {
			isa = XCBuildConfiguration;
			buildSettings = {
				ALWAYS_EMBED_SWIFT_STANDARD_LIBRARIES = YES;
				CODE_SIGN_STYLE = Automatic;
				CURRENT_PROJECT_VERSION = 1;
				GENERATE_INFOPLIST_FILE = YES;
				MARKETING_VERSION = 1.0;
				PRODUCT_BUNDLE_IDENTIFIER = "baesuho.BaeMin-TransitionUITests";
				PRODUCT_NAME = "$(TARGET_NAME)";
				SWIFT_EMIT_LOC_STRINGS = NO;
				SWIFT_VERSION = 5.0;
				TARGETED_DEVICE_FAMILY = "1,2";
				TEST_TARGET_NAME = BaeMin_Transition;
			};
			name = Debug;
		};
		D4DF43F42AD43BCD0014EA55 /* Release */ = {
			isa = XCBuildConfiguration;
			buildSettings = {
				ALWAYS_EMBED_SWIFT_STANDARD_LIBRARIES = YES;
				CODE_SIGN_STYLE = Automatic;
				CURRENT_PROJECT_VERSION = 1;
				GENERATE_INFOPLIST_FILE = YES;
				MARKETING_VERSION = 1.0;
				PRODUCT_BUNDLE_IDENTIFIER = "baesuho.BaeMin-TransitionUITests";
				PRODUCT_NAME = "$(TARGET_NAME)";
				SWIFT_EMIT_LOC_STRINGS = NO;
				SWIFT_VERSION = 5.0;
				TARGETED_DEVICE_FAMILY = "1,2";
				TEST_TARGET_NAME = BaeMin_Transition;
			};
			name = Release;
		};
/* End XCBuildConfiguration section */

/* Begin XCConfigurationList section */
		D4DF43BD2AD43BCC0014EA55 /* Build configuration list for PBXProject "BaeMin_Transition" */ = {
			isa = XCConfigurationList;
			buildConfigurations = (
				D4DF43EA2AD43BCD0014EA55 /* Debug */,
				D4DF43EB2AD43BCD0014EA55 /* Release */,
			);
			defaultConfigurationIsVisible = 0;
			defaultConfigurationName = Release;
		};
		D4DF43EC2AD43BCD0014EA55 /* Build configuration list for PBXNativeTarget "BaeMin_Transition" */ = {
			isa = XCConfigurationList;
			buildConfigurations = (
				D4DF43ED2AD43BCD0014EA55 /* Debug */,
				D4DF43EE2AD43BCD0014EA55 /* Release */,
			);
			defaultConfigurationIsVisible = 0;
			defaultConfigurationName = Release;
		};
		D4DF43EF2AD43BCD0014EA55 /* Build configuration list for PBXNativeTarget "BaeMin_TransitionTests" */ = {
			isa = XCConfigurationList;
			buildConfigurations = (
				D4DF43F02AD43BCD0014EA55 /* Debug */,
				D4DF43F12AD43BCD0014EA55 /* Release */,
			);
			defaultConfigurationIsVisible = 0;
			defaultConfigurationName = Release;
		};
		D4DF43F22AD43BCD0014EA55 /* Build configuration list for PBXNativeTarget "BaeMin_TransitionUITests" */ = {
			isa = XCConfigurationList;
			buildConfigurations = (
				D4DF43F32AD43BCD0014EA55 /* Debug */,
				D4DF43F42AD43BCD0014EA55 /* Release */,
			);
			defaultConfigurationIsVisible = 0;
			defaultConfigurationName = Release;
		};
/* End XCConfigurationList section */
	};
	rootObject = D4DF43BA2AD43BCC0014EA55 /* Project object */;
}
