// !$*UTF8*$!
{
	archiveVersion = 1;
	classes = {
	};
	objectVersion = 56;
	objects = {

/* Begin PBXBuildFile section */
		93036E1C2B01D4C200FB2DE3 /* BaeMinMainViewApp.swift in Sources */ = {isa = PBXBuildFile; fileRef = 93036E1B2B01D4C200FB2DE3 /* BaeMinMainViewApp.swift */; };
		93036E1E2B01D4C200FB2DE3 /* ContentView.swift in Sources */ = {isa = PBXBuildFile; fileRef = 93036E1D2B01D4C200FB2DE3 /* ContentView.swift */; };
		93036E202B01D4C300FB2DE3 /* Assets.xcassets in Resources */ = {isa = PBXBuildFile; fileRef = 93036E1F2B01D4C300FB2DE3 /* Assets.xcassets */; };
		93036E232B01D4C300FB2DE3 /* Preview Assets.xcassets in Resources */ = {isa = PBXBuildFile; fileRef = 93036E222B01D4C300FB2DE3 /* Preview Assets.xcassets */; };
		93036E2C2B01D50600FB2DE3 /* TopView.swift in Sources */ = {isa = PBXBuildFile; fileRef = 93036E2B2B01D50600FB2DE3 /* TopView.swift */; };
		93036E2E2B01DD3E00FB2DE3 /* TabBar.swift in Sources */ = {isa = PBXBuildFile; fileRef = 93036E2D2B01DD3E00FB2DE3 /* TabBar.swift */; };
		93036E302B01E20B00FB2DE3 /* extensions.swift in Sources */ = {isa = PBXBuildFile; fileRef = 93036E2F2B01E20B00FB2DE3 /* extensions.swift */; };
		93036E322B01EA6500FB2DE3 /* BodyView.swift in Sources */ = {isa = PBXBuildFile; fileRef = 93036E312B01EA6500FB2DE3 /* BodyView.swift */; };
/* End PBXBuildFile section */

/* Begin PBXFileReference section */
		93036E182B01D4C200FB2DE3 /* BaeMinMainView.app */ = {isa = PBXFileReference; explicitFileType = wrapper.application; includeInIndex = 0; path = BaeMinMainView.app; sourceTree = BUILT_PRODUCTS_DIR; };
		93036E1B2B01D4C200FB2DE3 /* BaeMinMainViewApp.swift */ = {isa = PBXFileReference; lastKnownFileType = sourcecode.swift; path = BaeMinMainViewApp.swift; sourceTree = "<group>"; };
		93036E1D2B01D4C200FB2DE3 /* ContentView.swift */ = {isa = PBXFileReference; lastKnownFileType = sourcecode.swift; path = ContentView.swift; sourceTree = "<group>"; };
		93036E1F2B01D4C300FB2DE3 /* Assets.xcassets */ = {isa = PBXFileReference; lastKnownFileType = folder.assetcatalog; path = Assets.xcassets; sourceTree = "<group>"; };
		93036E222B01D4C300FB2DE3 /* Preview Assets.xcassets */ = {isa = PBXFileReference; lastKnownFileType = folder.assetcatalog; path = "Preview Assets.xcassets"; sourceTree = "<group>"; };
		93036E2B2B01D50600FB2DE3 /* TopView.swift */ = {isa = PBXFileReference; lastKnownFileType = sourcecode.swift; path = TopView.swift; sourceTree = "<group>"; };
		93036E2D2B01DD3E00FB2DE3 /* TabBar.swift */ = {isa = PBXFileReference; lastKnownFileType = sourcecode.swift; path = TabBar.swift; sourceTree = "<group>"; };
		93036E2F2B01E20B00FB2DE3 /* extensions.swift */ = {isa = PBXFileReference; lastKnownFileType = sourcecode.swift; path = extensions.swift; sourceTree = "<group>"; };
		93036E312B01EA6500FB2DE3 /* BodyView.swift */ = {isa = PBXFileReference; lastKnownFileType = sourcecode.swift; path = BodyView.swift; sourceTree = "<group>"; };
/* End PBXFileReference section */

/* Begin PBXFrameworksBuildPhase section */
		93036E152B01D4C200FB2DE3 /* Frameworks */ = {
			isa = PBXFrameworksBuildPhase;
			buildActionMask = 2147483647;
			files = (
			);
			runOnlyForDeploymentPostprocessing = 0;
		};
/* End PBXFrameworksBuildPhase section */

/* Begin PBXGroup section */
		93036E0F2B01D4C200FB2DE3 = {
			isa = PBXGroup;
			children = (
				93036E1A2B01D4C200FB2DE3 /* BaeMinMainView */,
				93036E192B01D4C200FB2DE3 /* Products */,
			);
			sourceTree = "<group>";
		};
		93036E192B01D4C200FB2DE3 /* Products */ = {
			isa = PBXGroup;
			children = (
				93036E182B01D4C200FB2DE3 /* BaeMinMainView.app */,
			);
			name = Products;
			sourceTree = "<group>";
		};
		93036E1A2B01D4C200FB2DE3 /* BaeMinMainView */ = {
			isa = PBXGroup;
			children = (
				93036E312B01EA6500FB2DE3 /* BodyView.swift */,
				93036E2B2B01D50600FB2DE3 /* TopView.swift */,
				93036E2D2B01DD3E00FB2DE3 /* TabBar.swift */,
				93036E1B2B01D4C200FB2DE3 /* BaeMinMainViewApp.swift */,
				93036E2F2B01E20B00FB2DE3 /* extensions.swift */,
				93036E1D2B01D4C200FB2DE3 /* ContentView.swift */,
				93036E1F2B01D4C300FB2DE3 /* Assets.xcassets */,
				93036E212B01D4C300FB2DE3 /* Preview Content */,
			);
			path = BaeMinMainView;
			sourceTree = "<group>";
		};
		93036E212B01D4C300FB2DE3 /* Preview Content */ = {
			isa = PBXGroup;
			children = (
				93036E222B01D4C300FB2DE3 /* Preview Assets.xcassets */,
			);
			path = "Preview Content";
			sourceTree = "<group>";
		};
/* End PBXGroup section */

/* Begin PBXNativeTarget section */
		93036E172B01D4C200FB2DE3 /* BaeMinMainView */ = {
			isa = PBXNativeTarget;
			buildConfigurationList = 93036E262B01D4C300FB2DE3 /* Build configuration list for PBXNativeTarget "BaeMinMainView" */;
			buildPhases = (
				93036E142B01D4C200FB2DE3 /* Sources */,
				93036E152B01D4C200FB2DE3 /* Frameworks */,
				93036E162B01D4C200FB2DE3 /* Resources */,
			);
			buildRules = (
			);
			dependencies = (
			);
			name = BaeMinMainView;
			productName = BaeMinMainView;
			productReference = 93036E182B01D4C200FB2DE3 /* BaeMinMainView.app */;
			productType = "com.apple.product-type.application";
		};
/* End PBXNativeTarget section */

/* Begin PBXProject section */
		93036E102B01D4C200FB2DE3 /* Project object */ = {
			isa = PBXProject;
			attributes = {
				BuildIndependentTargetsInParallel = 1;
				LastSwiftUpdateCheck = 1500;
				LastUpgradeCheck = 1500;
				TargetAttributes = {
					93036E172B01D4C200FB2DE3 = {
						CreatedOnToolsVersion = 15.0.1;
					};
				};
			};
			buildConfigurationList = 93036E132B01D4C200FB2DE3 /* Build configuration list for PBXProject "BaeMinMainView" */;
			compatibilityVersion = "Xcode 14.0";
			developmentRegion = en;
			hasScannedForEncodings = 0;
			knownRegions = (
				en,
				Base,
			);
			mainGroup = 93036E0F2B01D4C200FB2DE3;
			productRefGroup = 93036E192B01D4C200FB2DE3 /* Products */;
			projectDirPath = "";
			projectRoot = "";
			targets = (
				93036E172B01D4C200FB2DE3 /* BaeMinMainView */,
			);
		};
/* End PBXProject section */

/* Begin PBXResourcesBuildPhase section */
		93036E162B01D4C200FB2DE3 /* Resources */ = {
			isa = PBXResourcesBuildPhase;
			buildActionMask = 2147483647;
			files = (
				93036E232B01D4C300FB2DE3 /* Preview Assets.xcassets in Resources */,
				93036E202B01D4C300FB2DE3 /* Assets.xcassets in Resources */,
			);
			runOnlyForDeploymentPostprocessing = 0;
		};
/* End PBXResourcesBuildPhase section */

/* Begin PBXSourcesBuildPhase section */
		93036E142B01D4C200FB2DE3 /* Sources */ = {
			isa = PBXSourcesBuildPhase;
			buildActionMask = 2147483647;
			files = (
				93036E302B01E20B00FB2DE3 /* extensions.swift in Sources */,
				93036E1E2B01D4C200FB2DE3 /* ContentView.swift in Sources */,
				93036E322B01EA6500FB2DE3 /* BodyView.swift in Sources */,
				93036E2C2B01D50600FB2DE3 /* TopView.swift in Sources */,
				93036E1C2B01D4C200FB2DE3 /* BaeMinMainViewApp.swift in Sources */,
				93036E2E2B01DD3E00FB2DE3 /* TabBar.swift in Sources */,
			);
			runOnlyForDeploymentPostprocessing = 0;
		};
/* End PBXSourcesBuildPhase section */

/* Begin XCBuildConfiguration section */
		93036E242B01D4C300FB2DE3 /* Debug */ = {
			isa = XCBuildConfiguration;
			buildSettings = {
				ALWAYS_SEARCH_USER_PATHS = NO;
				ASSETCATALOG_COMPILER_GENERATE_SWIFT_ASSET_SYMBOL_EXTENSIONS = YES;
				CLANG_ANALYZER_NONNULL = YES;
				CLANG_ANALYZER_NUMBER_OBJECT_CONVERSION = YES_AGGRESSIVE;
				CLANG_CXX_LANGUAGE_STANDARD = "gnu++20";
				CLANG_ENABLE_MODULES = YES;
				CLANG_ENABLE_OBJC_ARC = YES;
				CLANG_ENABLE_OBJC_WEAK = YES;
				CLANG_WARN_BLOCK_CAPTURE_AUTORELEASING = YES;
				CLANG_WARN_BOOL_CONVERSION = YES;
				CLANG_WARN_COMMA = YES;
				CLANG_WARN_CONSTANT_CONVERSION = YES;
				CLANG_WARN_DEPRECATED_OBJC_IMPLEMENTATIONS = YES;
				CLANG_WARN_DIRECT_OBJC_ISA_USAGE = YES_ERROR;
				CLANG_WARN_DOCUMENTATION_COMMENTS = YES;
				CLANG_WARN_EMPTY_BODY = YES;
				CLANG_WARN_ENUM_CONVERSION = YES;
				CLANG_WARN_INFINITE_RECURSION = YES;
				CLANG_WARN_INT_CONVERSION = YES;
				CLANG_WARN_NON_LITERAL_NULL_CONVERSION = YES;
				CLANG_WARN_OBJC_IMPLICIT_RETAIN_SELF = YES;
				CLANG_WARN_OBJC_LITERAL_CONVERSION = YES;
				CLANG_WARN_OBJC_ROOT_CLASS = YES_ERROR;
				CLANG_WARN_QUOTED_INCLUDE_IN_FRAMEWORK_HEADER = YES;
				CLANG_WARN_RANGE_LOOP_ANALYSIS = YES;
				CLANG_WARN_STRICT_PROTOTYPES = YES;
				CLANG_WARN_SUSPICIOUS_MOVE = YES;
				CLANG_WARN_UNGUARDED_AVAILABILITY = YES_AGGRESSIVE;
				CLANG_WARN_UNREACHABLE_CODE = YES;
				CLANG_WARN__DUPLICATE_METHOD_MATCH = YES;
				COPY_PHASE_STRIP = NO;
				DEBUG_INFORMATION_FORMAT = dwarf;
				ENABLE_STRICT_OBJC_MSGSEND = YES;
				ENABLE_TESTABILITY = YES;
				ENABLE_USER_SCRIPT_SANDBOXING = YES;
				GCC_C_LANGUAGE_STANDARD = gnu17;
				GCC_DYNAMIC_NO_PIC = NO;
				GCC_NO_COMMON_BLOCKS = YES;
				GCC_OPTIMIZATION_LEVEL = 0;
				GCC_PREPROCESSOR_DEFINITIONS = (
					"DEBUG=1",
					"$(inherited)",
				);
				GCC_WARN_64_TO_32_BIT_CONVERSION = YES;
				GCC_WARN_ABOUT_RETURN_TYPE = YES_ERROR;
				GCC_WARN_UNDECLARED_SELECTOR = YES;
				GCC_WARN_UNINITIALIZED_AUTOS = YES_AGGRESSIVE;
				GCC_WARN_UNUSED_FUNCTION = YES;
				GCC_WARN_UNUSED_VARIABLE = YES;
				IPHONEOS_DEPLOYMENT_TARGET = 17.0;
				LOCALIZATION_PREFERS_STRING_CATALOGS = YES;
				MTL_ENABLE_DEBUG_INFO = INCLUDE_SOURCE;
				MTL_FAST_MATH = YES;
				ONLY_ACTIVE_ARCH = YES;
				SDKROOT = iphoneos;
				SWIFT_ACTIVE_COMPILATION_CONDITIONS = "DEBUG $(inherited)";
				SWIFT_OPTIMIZATION_LEVEL = "-Onone";
			};
			name = Debug;
		};
		93036E252B01D4C300FB2DE3 /* Release */ = {
			isa = XCBuildConfiguration;
			buildSettings = {
				ALWAYS_SEARCH_USER_PATHS = NO;
				ASSETCATALOG_COMPILER_GENERATE_SWIFT_ASSET_SYMBOL_EXTENSIONS = YES;
				CLANG_ANALYZER_NONNULL = YES;
				CLANG_ANALYZER_NUMBER_OBJECT_CONVERSION = YES_AGGRESSIVE;
				CLANG_CXX_LANGUAGE_STANDARD = "gnu++20";
				CLANG_ENABLE_MODULES = YES;
				CLANG_ENABLE_OBJC_ARC = YES;
				CLANG_ENABLE_OBJC_WEAK = YES;
				CLANG_WARN_BLOCK_CAPTURE_AUTORELEASING = YES;
				CLANG_WARN_BOOL_CONVERSION = YES;
				CLANG_WARN_COMMA = YES;
				CLANG_WARN_CONSTANT_CONVERSION = YES;
				CLANG_WARN_DEPRECATED_OBJC_IMPLEMENTATIONS = YES;
				CLANG_WARN_DIRECT_OBJC_ISA_USAGE = YES_ERROR;
				CLANG_WARN_DOCUMENTATION_COMMENTS = YES;
				CLANG_WARN_EMPTY_BODY = YES;
				CLANG_WARN_ENUM_CONVERSION = YES;
				CLANG_WARN_INFINITE_RECURSION = YES;
				CLANG_WARN_INT_CONVERSION = YES;
				CLANG_WARN_NON_LITERAL_NULL_CONVERSION = YES;
				CLANG_WARN_OBJC_IMPLICIT_RETAIN_SELF = YES;
				CLANG_WARN_OBJC_LITERAL_CONVERSION = YES;
				CLANG_WARN_OBJC_ROOT_CLASS = YES_ERROR;
				CLANG_WARN_QUOTED_INCLUDE_IN_FRAMEWORK_HEADER = YES;
				CLANG_WARN_RANGE_LOOP_ANALYSIS = YES;
				CLANG_WARN_STRICT_PROTOTYPES = YES;
				CLANG_WARN_SUSPICIOUS_MOVE = YES;
				CLANG_WARN_UNGUARDED_AVAILABILITY = YES_AGGRESSIVE;
				CLANG_WARN_UNREACHABLE_CODE = YES;
				CLANG_WARN__DUPLICATE_METHOD_MATCH = YES;
				COPY_PHASE_STRIP = NO;
				DEBUG_INFORMATION_FORMAT = "dwarf-with-dsym";
				ENABLE_NS_ASSERTIONS = NO;
				ENABLE_STRICT_OBJC_MSGSEND = YES;
				ENABLE_USER_SCRIPT_SANDBOXING = YES;
				GCC_C_LANGUAGE_STANDARD = gnu17;
				GCC_NO_COMMON_BLOCKS = YES;
				GCC_WARN_64_TO_32_BIT_CONVERSION = YES;
				GCC_WARN_ABOUT_RETURN_TYPE = YES_ERROR;
				GCC_WARN_UNDECLARED_SELECTOR = YES;
				GCC_WARN_UNINITIALIZED_AUTOS = YES_AGGRESSIVE;
				GCC_WARN_UNUSED_FUNCTION = YES;
				GCC_WARN_UNUSED_VARIABLE = YES;
				IPHONEOS_DEPLOYMENT_TARGET = 17.0;
				LOCALIZATION_PREFERS_STRING_CATALOGS = YES;
				MTL_ENABLE_DEBUG_INFO = NO;
				MTL_FAST_MATH = YES;
				SDKROOT = iphoneos;
				SWIFT_COMPILATION_MODE = wholemodule;
				VALIDATE_PRODUCT = YES;
			};
			name = Release;
		};
		93036E272B01D4C300FB2DE3 /* Debug */ = {
			isa = XCBuildConfiguration;
			buildSettings = {
				ASSETCATALOG_COMPILER_APPICON_NAME = AppIcon;
				ASSETCATALOG_COMPILER_GLOBAL_ACCENT_COLOR_NAME = AccentColor;
				CODE_SIGN_STYLE = Automatic;
				CURRENT_PROJECT_VERSION = 1;
				DEVELOPMENT_ASSET_PATHS = "\"BaeMinMainView/Preview Content\"";
				DEVELOPMENT_TEAM = RMM8N6U95J;
				ENABLE_PREVIEWS = YES;
				GENERATE_INFOPLIST_FILE = YES;
				INFOPLIST_KEY_UIApplicationSceneManifest_Generation = YES;
				INFOPLIST_KEY_UIApplicationSupportsIndirectInputEvents = YES;
				INFOPLIST_KEY_UILaunchScreen_Generation = YES;
				INFOPLIST_KEY_UISupportedInterfaceOrientations_iPad = "UIInterfaceOrientationPortrait UIInterfaceOrientationPortraitUpsideDown UIInterfaceOrientationLandscapeLeft UIInterfaceOrientationLandscapeRight";
				INFOPLIST_KEY_UISupportedInterfaceOrientations_iPhone = "UIInterfaceOrientationPortrait UIInterfaceOrientationLandscapeLeft UIInterfaceOrientationLandscapeRight";
				LD_RUNPATH_SEARCH_PATHS = (
					"$(inherited)",
					"@executable_path/Frameworks",
				);
				MARKETING_VERSION = 1.0;
				PRODUCT_BUNDLE_IDENTIFIER = Bryan.BaeMinMainView;
				PRODUCT_NAME = "$(TARGET_NAME)";
				SWIFT_EMIT_LOC_STRINGS = YES;
				SWIFT_VERSION = 5.0;
				TARGETED_DEVICE_FAMILY = "1,2";
			};
			name = Debug;
		};
		93036E282B01D4C300FB2DE3 /* Release */ = {
			isa = XCBuildConfiguration;
			buildSettings = {
				ASSETCATALOG_COMPILER_APPICON_NAME = AppIcon;
				ASSETCATALOG_COMPILER_GLOBAL_ACCENT_COLOR_NAME = AccentColor;
				CODE_SIGN_STYLE = Automatic;
				CURRENT_PROJECT_VERSION = 1;
				DEVELOPMENT_ASSET_PATHS = "\"BaeMinMainView/Preview Content\"";
				DEVELOPMENT_TEAM = RMM8N6U95J;
				ENABLE_PREVIEWS = YES;
				GENERATE_INFOPLIST_FILE = YES;
				INFOPLIST_KEY_UIApplicationSceneManifest_Generation = YES;
				INFOPLIST_KEY_UIApplicationSupportsIndirectInputEvents = YES;
				INFOPLIST_KEY_UILaunchScreen_Generation = YES;
				INFOPLIST_KEY_UISupportedInterfaceOrientations_iPad = "UIInterfaceOrientationPortrait UIInterfaceOrientationPortraitUpsideDown UIInterfaceOrientationLandscapeLeft UIInterfaceOrientationLandscapeRight";
				INFOPLIST_KEY_UISupportedInterfaceOrientations_iPhone = "UIInterfaceOrientationPortrait UIInterfaceOrientationLandscapeLeft UIInterfaceOrientationLandscapeRight";
				LD_RUNPATH_SEARCH_PATHS = (
					"$(inherited)",
					"@executable_path/Frameworks",
				);
				MARKETING_VERSION = 1.0;
				PRODUCT_BUNDLE_IDENTIFIER = Bryan.BaeMinMainView;
				PRODUCT_NAME = "$(TARGET_NAME)";
				SWIFT_EMIT_LOC_STRINGS = YES;
				SWIFT_VERSION = 5.0;
				TARGETED_DEVICE_FAMILY = "1,2";
			};
			name = Release;
		};
/* End XCBuildConfiguration section */

/* Begin XCConfigurationList section */
		93036E132B01D4C200FB2DE3 /* Build configuration list for PBXProject "BaeMinMainView" */ = {
			isa = XCConfigurationList;
			buildConfigurations = (
				93036E242B01D4C300FB2DE3 /* Debug */,
				93036E252B01D4C300FB2DE3 /* Release */,
			);
			defaultConfigurationIsVisible = 0;
			defaultConfigurationName = Release;
		};
		93036E262B01D4C300FB2DE3 /* Build configuration list for PBXNativeTarget "BaeMinMainView" */ = {
			isa = XCConfigurationList;
			buildConfigurations = (
				93036E272B01D4C300FB2DE3 /* Debug */,
				93036E282B01D4C300FB2DE3 /* Release */,
			);
			defaultConfigurationIsVisible = 0;
			defaultConfigurationName = Release;
		};
/* End XCConfigurationList section */
	};
	rootObject = 93036E102B01D4C200FB2DE3 /* Project object */;
}
